// !$*UTF8*$!
{
	archiveVersion = 1;
	classes = {
	};
	objectVersion = 51;
	objects = {

/* Begin PBXBuildFile section */
		9626697A243CCB1D00B65416 /* UIViewComponent.swift in Sources */ = {isa = PBXBuildFile; fileRef = 96266979243CCB1D00B65416 /* UIViewComponent.swift */; };
		9626697D243CD39800B65416 /* String.swift in Sources */ = {isa = PBXBuildFile; fileRef = 9626697C243CD39800B65416 /* String.swift */; };
		96266980243CD60500B65416 /* Constants.swift in Sources */ = {isa = PBXBuildFile; fileRef = 9626697F243CD60500B65416 /* Constants.swift */; };
		968F0C75243E71D40052768E /* ChatPageView.swift in Sources */ = {isa = PBXBuildFile; fileRef = 968F0C74243E71D40052768E /* ChatPageView.swift */; };
		968F0C80244251760052768E /* Queue.swift in Sources */ = {isa = PBXBuildFile; fileRef = 968F0C7F244251760052768E /* Queue.swift */; };
		968F0C842443798B0052768E /* UILabel.swift in Sources */ = {isa = PBXBuildFile; fileRef = 968F0C832443798B0052768E /* UILabel.swift */; };
		968F0C8C2444D1E80052768E /* Pods_Nonlinearity.framework in Frameworks */ = {isa = PBXBuildFile; fileRef = 34B1D1D1EE7E9F4DE5428D17 /* Pods_Nonlinearity.framework */; };
		968F0CB3244616AE0052768E /* UITableViewCellComponent.swift in Sources */ = {isa = PBXBuildFile; fileRef = 968F0CB2244616AE0052768E /* UITableViewCellComponent.swift */; };
		968F0CB52446E8180052768E /* MessageCell.swift in Sources */ = {isa = PBXBuildFile; fileRef = 968F0CB42446E8180052768E /* MessageCell.swift */; };
		968F0CB7244729190052768E /* Chat.swift in Sources */ = {isa = PBXBuildFile; fileRef = 968F0CB6244729190052768E /* Chat.swift */; };
		96CDD1AB24351B7000A7D2FF /* UIColor.swift in Sources */ = {isa = PBXBuildFile; fileRef = 96CDD1AA24351B7000A7D2FF /* UIColor.swift */; };
		96CDD1B0243520FE00A7D2FF /* MessageView.swift in Sources */ = {isa = PBXBuildFile; fileRef = 96CDD1AF243520FE00A7D2FF /* MessageView.swift */; };
		96CDD1B224361D1C00A7D2FF /* StoryCardView.swift in Sources */ = {isa = PBXBuildFile; fileRef = 96CDD1B124361D1C00A7D2FF /* StoryCardView.swift */; };
		C64DFA4A247C2AD3007F8DED /* MainBlock.swift in Sources */ = {isa = PBXBuildFile; fileRef = C64DFA45247C2AD3007F8DED /* MainBlock.swift */; };
		C64DFA4B247C2AD3007F8DED /* ProfileViewController.swift in Sources */ = {isa = PBXBuildFile; fileRef = C64DFA46247C2AD3007F8DED /* ProfileViewController.swift */; };
		C64DFA4C247C2AD3007F8DED /* Profile.swift in Sources */ = {isa = PBXBuildFile; fileRef = C64DFA47247C2AD3007F8DED /* Profile.swift */; };
		C64DFA4D247C2AD3007F8DED /* UpperBlock.swift in Sources */ = {isa = PBXBuildFile; fileRef = C64DFA48247C2AD3007F8DED /* UpperBlock.swift */; };
		C64DFA4E247C2AD3007F8DED /* CircleSystem.swift in Sources */ = {isa = PBXBuildFile; fileRef = C64DFA49247C2AD3007F8DED /* CircleSystem.swift */; };
		C66A18E72485169E00556752 /* Rating.swift in Sources */ = {isa = PBXBuildFile; fileRef = C66A18E62485169E00556752 /* Rating.swift */; };
		C66A18E92485188F00556752 /* SignupView.swift in Sources */ = {isa = PBXBuildFile; fileRef = C66A18E82485188F00556752 /* SignupView.swift */; };
		C66A18EB24852A8000556752 /* LoginView.swift in Sources */ = {isa = PBXBuildFile; fileRef = C66A18EA24852A8000556752 /* LoginView.swift */; };
		C6B69F48247C2B6F00744C63 /* FootBarVC.swift in Sources */ = {isa = PBXBuildFile; fileRef = C6B69F47247C2B6F00744C63 /* FootBarVC.swift */; };
		C6B69F54247C2BC500744C63 /* User.swift in Sources */ = {isa = PBXBuildFile; fileRef = C6B69F4C247C2BC500744C63 /* User.swift */; };
		C6B69F55247C2BC500744C63 /* Story.swift in Sources */ = {isa = PBXBuildFile; fileRef = C6B69F4D247C2BC500744C63 /* Story.swift */; };
		C6B69F56247C2BC500744C63 /* Rubric.swift in Sources */ = {isa = PBXBuildFile; fileRef = C6B69F4E247C2BC500744C63 /* Rubric.swift */; };
		C6B69F57247C2BC500744C63 /* NetworkManager.swift in Sources */ = {isa = PBXBuildFile; fileRef = C6B69F4F247C2BC500744C63 /* NetworkManager.swift */; };
		CA06FF852457358D00C33921 /* StoryCards.swift in Sources */ = {isa = PBXBuildFile; fileRef = CA06FF842457358D00C33921 /* StoryCards.swift */; };
		CA06FF87245770EB00C33921 /* TabsViewAdapter.swift in Sources */ = {isa = PBXBuildFile; fileRef = CA06FF86245770EB00C33921 /* TabsViewAdapter.swift */; };
		CA06FF892457715200C33921 /* TabView.swift in Sources */ = {isa = PBXBuildFile; fileRef = CA06FF882457715200C33921 /* TabView.swift */; };
		CA06FF8D2457761900C33921 /* Tabs.swift in Sources */ = {isa = PBXBuildFile; fileRef = CA06FF8C2457761900C33921 /* Tabs.swift */; };
		CA0D4D97243F0DB300376CC7 /* BubbleView.swift in Sources */ = {isa = PBXBuildFile; fileRef = CA0D4D96243F0DB300376CC7 /* BubbleView.swift */; };
		CA127C2C24752E6A004394D3 /* CardsCollectionViewAdapter.swift in Sources */ = {isa = PBXBuildFile; fileRef = CA127C2B24752E6A004394D3 /* CardsCollectionViewAdapter.swift */; };
		CA127C2E24752F54004394D3 /* StoryCardCollection.swift in Sources */ = {isa = PBXBuildFile; fileRef = CA127C2D24752F54004394D3 /* StoryCardCollection.swift */; };
		CA127C3024753303004394D3 /* DownloadsPageView.swift in Sources */ = {isa = PBXBuildFile; fileRef = CA127C2F24753303004394D3 /* DownloadsPageView.swift */; };
		CA3BA18824755AFD00A6C3A9 /* InProgressPageView.swift in Sources */ = {isa = PBXBuildFile; fileRef = CA3BA18724755AFD00A6C3A9 /* InProgressPageView.swift */; };
		CA3BA19124755E5A00A6C3A9 /* StoryCard.swift in Sources */ = {isa = PBXBuildFile; fileRef = CA3BA19024755E5A00A6C3A9 /* StoryCard.swift */; };
		CA3BA193247821A800A6C3A9 /* UIViewComponentCollection.swift in Sources */ = {isa = PBXBuildFile; fileRef = CA3BA192247821A800A6C3A9 /* UIViewComponentCollection.swift */; };
		CA776353247D559600EA768F /* StoryPageView.swift in Sources */ = {isa = PBXBuildFile; fileRef = CA776352247D559600EA768F /* StoryPageView.swift */; };
		CA776356247D560100EA768F /* StoryImageView.swift in Sources */ = {isa = PBXBuildFile; fileRef = CA776355247D560100EA768F /* StoryImageView.swift */; };
		CA776358247D60A800EA768F /* RatingView.swift in Sources */ = {isa = PBXBuildFile; fileRef = CA776357247D60A800EA768F /* RatingView.swift */; };
		CA77635A247D6D9F00EA768F /* ViewsView.swift in Sources */ = {isa = PBXBuildFile; fileRef = CA776359247D6D9F00EA768F /* ViewsView.swift */; };
		CA77635C247D81E400EA768F /* GenresView.swift in Sources */ = {isa = PBXBuildFile; fileRef = CA77635B247D81E400EA768F /* GenresView.swift */; };
		CA776360247D8CDA00EA768F /* ButtonView.swift in Sources */ = {isa = PBXBuildFile; fileRef = CA77635F247D8CDA00EA768F /* ButtonView.swift */; };
		CA776362247E73F500EA768F /* DescriptionView.swift in Sources */ = {isa = PBXBuildFile; fileRef = CA776361247E73F500EA768F /* DescriptionView.swift */; };
		CA920C9A244DA92F00BBC461 /* Bubbles.swift in Sources */ = {isa = PBXBuildFile; fileRef = CA920C99244DA92F00BBC461 /* Bubbles.swift */; };
		CA920CA0244DF24400BBC461 /* TableCardViewAdapter.swift in Sources */ = {isa = PBXBuildFile; fileRef = CA920C9F244DF24400BBC461 /* TableCardViewAdapter.swift */; };
		CA920CA2244DF28C00BBC461 /* TableCardViewCell.swift in Sources */ = {isa = PBXBuildFile; fileRef = CA920CA1244DF28C00BBC461 /* TableCardViewCell.swift */; };
		CA920CA4244DF31100BBC461 /* MainPageView.swift in Sources */ = {isa = PBXBuildFile; fileRef = CA920CA3244DF31100BBC461 /* MainPageView.swift */; };
		CA920CA624503D3800BBC461 /* BubbleViewCollectionAdapter.swift in Sources */ = {isa = PBXBuildFile; fileRef = CA920CA524503D3700BBC461 /* BubbleViewCollectionAdapter.swift */; };
		CAB9861B2484F6B800B38D3B /* Heading.swift in Sources */ = {isa = PBXBuildFile; fileRef = CAB9861A2484F6B800B38D3B /* Heading.swift */; };
		CAD59A372435151600974C2D /* AppDelegate.swift in Sources */ = {isa = PBXBuildFile; fileRef = CAD59A362435151600974C2D /* AppDelegate.swift */; };
		CAD59A392435151600974C2D /* SceneDelegate.swift in Sources */ = {isa = PBXBuildFile; fileRef = CAD59A382435151600974C2D /* SceneDelegate.swift */; };
		CAD59A3B2435151600974C2D /* ViewController.swift in Sources */ = {isa = PBXBuildFile; fileRef = CAD59A3A2435151600974C2D /* ViewController.swift */; };
		CAD59A3E2435151600974C2D /* Main.storyboard in Resources */ = {isa = PBXBuildFile; fileRef = CAD59A3C2435151600974C2D /* Main.storyboard */; };
		CAD59A402435151700974C2D /* Assets.xcassets in Resources */ = {isa = PBXBuildFile; fileRef = CAD59A3F2435151700974C2D /* Assets.xcassets */; };
/* End PBXBuildFile section */

/* Begin PBXFileReference section */
		34B1D1D1EE7E9F4DE5428D17 /* Pods_Nonlinearity.framework */ = {isa = PBXFileReference; explicitFileType = wrapper.framework; includeInIndex = 0; path = Pods_Nonlinearity.framework; sourceTree = BUILT_PRODUCTS_DIR; };
		878E0202A69DEC95C225B237 /* Pods-Nonlinearity.release.xcconfig */ = {isa = PBXFileReference; includeInIndex = 1; lastKnownFileType = text.xcconfig; name = "Pods-Nonlinearity.release.xcconfig"; path = "Target Support Files/Pods-Nonlinearity/Pods-Nonlinearity.release.xcconfig"; sourceTree = "<group>"; };
		96266979243CCB1D00B65416 /* UIViewComponent.swift */ = {isa = PBXFileReference; lastKnownFileType = sourcecode.swift; path = UIViewComponent.swift; sourceTree = "<group>"; };
		9626697C243CD39800B65416 /* String.swift */ = {isa = PBXFileReference; lastKnownFileType = sourcecode.swift; path = String.swift; sourceTree = "<group>"; };
		9626697F243CD60500B65416 /* Constants.swift */ = {isa = PBXFileReference; lastKnownFileType = sourcecode.swift; path = Constants.swift; sourceTree = "<group>"; };
		968F0C74243E71D40052768E /* ChatPageView.swift */ = {isa = PBXFileReference; lastKnownFileType = sourcecode.swift; path = ChatPageView.swift; sourceTree = "<group>"; };
		968F0C7F244251760052768E /* Queue.swift */ = {isa = PBXFileReference; lastKnownFileType = sourcecode.swift; path = Queue.swift; sourceTree = "<group>"; };
		968F0C832443798B0052768E /* UILabel.swift */ = {isa = PBXFileReference; lastKnownFileType = sourcecode.swift; path = UILabel.swift; sourceTree = "<group>"; };
		968F0C882444D0EA0052768E /* PinLayout.framework */ = {isa = PBXFileReference; explicitFileType = wrapper.framework; path = PinLayout.framework; sourceTree = BUILT_PRODUCTS_DIR; };
		968F0CB2244616AE0052768E /* UITableViewCellComponent.swift */ = {isa = PBXFileReference; lastKnownFileType = sourcecode.swift; path = UITableViewCellComponent.swift; sourceTree = "<group>"; };
		968F0CB42446E8180052768E /* MessageCell.swift */ = {isa = PBXFileReference; lastKnownFileType = sourcecode.swift; path = MessageCell.swift; sourceTree = "<group>"; };
		968F0CB6244729190052768E /* Chat.swift */ = {isa = PBXFileReference; lastKnownFileType = sourcecode.swift; path = Chat.swift; sourceTree = "<group>"; };
		96CDD1AA24351B7000A7D2FF /* UIColor.swift */ = {isa = PBXFileReference; lastKnownFileType = sourcecode.swift; path = UIColor.swift; sourceTree = "<group>"; };
		96CDD1AF243520FE00A7D2FF /* MessageView.swift */ = {isa = PBXFileReference; lastKnownFileType = sourcecode.swift; path = MessageView.swift; sourceTree = "<group>"; };
		96CDD1B124361D1C00A7D2FF /* StoryCardView.swift */ = {isa = PBXFileReference; lastKnownFileType = sourcecode.swift; path = StoryCardView.swift; sourceTree = "<group>"; };
		C64DFA45247C2AD3007F8DED /* MainBlock.swift */ = {isa = PBXFileReference; fileEncoding = 4; lastKnownFileType = sourcecode.swift; path = MainBlock.swift; sourceTree = "<group>"; };
		C64DFA46247C2AD3007F8DED /* ProfileViewController.swift */ = {isa = PBXFileReference; fileEncoding = 4; lastKnownFileType = sourcecode.swift; path = ProfileViewController.swift; sourceTree = "<group>"; };
		C64DFA47247C2AD3007F8DED /* Profile.swift */ = {isa = PBXFileReference; fileEncoding = 4; lastKnownFileType = sourcecode.swift; path = Profile.swift; sourceTree = "<group>"; };
		C64DFA48247C2AD3007F8DED /* UpperBlock.swift */ = {isa = PBXFileReference; fileEncoding = 4; lastKnownFileType = sourcecode.swift; path = UpperBlock.swift; sourceTree = "<group>"; };
		C64DFA49247C2AD3007F8DED /* CircleSystem.swift */ = {isa = PBXFileReference; fileEncoding = 4; lastKnownFileType = sourcecode.swift; path = CircleSystem.swift; sourceTree = "<group>"; };
		C66A18E62485169E00556752 /* Rating.swift */ = {isa = PBXFileReference; lastKnownFileType = sourcecode.swift; path = Rating.swift; sourceTree = "<group>"; };
		C66A18E82485188F00556752 /* SignupView.swift */ = {isa = PBXFileReference; lastKnownFileType = sourcecode.swift; path = SignupView.swift; sourceTree = "<group>"; };
		C66A18EA24852A8000556752 /* LoginView.swift */ = {isa = PBXFileReference; lastKnownFileType = sourcecode.swift; path = LoginView.swift; sourceTree = "<group>"; };
		C6B69F47247C2B6F00744C63 /* FootBarVC.swift */ = {isa = PBXFileReference; fileEncoding = 4; lastKnownFileType = sourcecode.swift; path = FootBarVC.swift; sourceTree = "<group>"; };
		C6B69F4C247C2BC500744C63 /* User.swift */ = {isa = PBXFileReference; fileEncoding = 4; lastKnownFileType = sourcecode.swift; path = User.swift; sourceTree = "<group>"; };
		C6B69F4D247C2BC500744C63 /* Story.swift */ = {isa = PBXFileReference; fileEncoding = 4; lastKnownFileType = sourcecode.swift; path = Story.swift; sourceTree = "<group>"; };
		C6B69F4E247C2BC500744C63 /* Rubric.swift */ = {isa = PBXFileReference; fileEncoding = 4; lastKnownFileType = sourcecode.swift; path = Rubric.swift; sourceTree = "<group>"; };
		C6B69F4F247C2BC500744C63 /* NetworkManager.swift */ = {isa = PBXFileReference; fileEncoding = 4; lastKnownFileType = sourcecode.swift; path = NetworkManager.swift; sourceTree = "<group>"; };
		CA06FF842457358D00C33921 /* StoryCards.swift */ = {isa = PBXFileReference; lastKnownFileType = sourcecode.swift; path = StoryCards.swift; sourceTree = "<group>"; };
		CA06FF86245770EB00C33921 /* TabsViewAdapter.swift */ = {isa = PBXFileReference; lastKnownFileType = sourcecode.swift; path = TabsViewAdapter.swift; sourceTree = "<group>"; };
		CA06FF882457715200C33921 /* TabView.swift */ = {isa = PBXFileReference; lastKnownFileType = sourcecode.swift; path = TabView.swift; sourceTree = "<group>"; };
		CA06FF8C2457761900C33921 /* Tabs.swift */ = {isa = PBXFileReference; lastKnownFileType = sourcecode.swift; path = Tabs.swift; sourceTree = "<group>"; };
		CA0D4D96243F0DB300376CC7 /* BubbleView.swift */ = {isa = PBXFileReference; lastKnownFileType = sourcecode.swift; path = BubbleView.swift; sourceTree = "<group>"; };
		CA127C2B24752E6A004394D3 /* CardsCollectionViewAdapter.swift */ = {isa = PBXFileReference; lastKnownFileType = sourcecode.swift; path = CardsCollectionViewAdapter.swift; sourceTree = "<group>"; };
		CA127C2D24752F54004394D3 /* StoryCardCollection.swift */ = {isa = PBXFileReference; lastKnownFileType = sourcecode.swift; path = StoryCardCollection.swift; sourceTree = "<group>"; };
		CA127C2F24753303004394D3 /* DownloadsPageView.swift */ = {isa = PBXFileReference; lastKnownFileType = sourcecode.swift; path = DownloadsPageView.swift; sourceTree = "<group>"; };
		CA3BA18724755AFD00A6C3A9 /* InProgressPageView.swift */ = {isa = PBXFileReference; lastKnownFileType = sourcecode.swift; path = InProgressPageView.swift; sourceTree = "<group>"; };
		CA3BA19024755E5A00A6C3A9 /* StoryCard.swift */ = {isa = PBXFileReference; lastKnownFileType = sourcecode.swift; path = StoryCard.swift; sourceTree = "<group>"; };
		CA3BA192247821A800A6C3A9 /* UIViewComponentCollection.swift */ = {isa = PBXFileReference; lastKnownFileType = sourcecode.swift; path = UIViewComponentCollection.swift; sourceTree = "<group>"; };
		CA776352247D559600EA768F /* StoryPageView.swift */ = {isa = PBXFileReference; lastKnownFileType = sourcecode.swift; path = StoryPageView.swift; sourceTree = "<group>"; };
		CA776355247D560100EA768F /* StoryImageView.swift */ = {isa = PBXFileReference; lastKnownFileType = sourcecode.swift; path = StoryImageView.swift; sourceTree = "<group>"; };
		CA776357247D60A800EA768F /* RatingView.swift */ = {isa = PBXFileReference; lastKnownFileType = sourcecode.swift; path = RatingView.swift; sourceTree = "<group>"; };
		CA776359247D6D9F00EA768F /* ViewsView.swift */ = {isa = PBXFileReference; lastKnownFileType = sourcecode.swift; path = ViewsView.swift; sourceTree = "<group>"; };
		CA77635B247D81E400EA768F /* GenresView.swift */ = {isa = PBXFileReference; lastKnownFileType = sourcecode.swift; path = GenresView.swift; sourceTree = "<group>"; };
		CA77635F247D8CDA00EA768F /* ButtonView.swift */ = {isa = PBXFileReference; lastKnownFileType = sourcecode.swift; path = ButtonView.swift; sourceTree = "<group>"; };
		CA776361247E73F500EA768F /* DescriptionView.swift */ = {isa = PBXFileReference; lastKnownFileType = sourcecode.swift; path = DescriptionView.swift; sourceTree = "<group>"; };
		CA920C99244DA92F00BBC461 /* Bubbles.swift */ = {isa = PBXFileReference; lastKnownFileType = sourcecode.swift; path = Bubbles.swift; sourceTree = "<group>"; };
		CA920C9F244DF24400BBC461 /* TableCardViewAdapter.swift */ = {isa = PBXFileReference; lastKnownFileType = sourcecode.swift; path = TableCardViewAdapter.swift; sourceTree = "<group>"; };
		CA920CA1244DF28C00BBC461 /* TableCardViewCell.swift */ = {isa = PBXFileReference; lastKnownFileType = sourcecode.swift; path = TableCardViewCell.swift; sourceTree = "<group>"; };
		CA920CA3244DF31100BBC461 /* MainPageView.swift */ = {isa = PBXFileReference; lastKnownFileType = sourcecode.swift; path = MainPageView.swift; sourceTree = "<group>"; };
		CA920CA524503D3700BBC461 /* BubbleViewCollectionAdapter.swift */ = {isa = PBXFileReference; lastKnownFileType = sourcecode.swift; path = BubbleViewCollectionAdapter.swift; sourceTree = "<group>"; };
		CAB9861A2484F6B800B38D3B /* Heading.swift */ = {isa = PBXFileReference; fileEncoding = 4; lastKnownFileType = sourcecode.swift; path = Heading.swift; sourceTree = "<group>"; };
		CAD59A332435151600974C2D /* Nonlinearity.app */ = {isa = PBXFileReference; explicitFileType = wrapper.application; includeInIndex = 0; path = Nonlinearity.app; sourceTree = BUILT_PRODUCTS_DIR; };
		CAD59A362435151600974C2D /* AppDelegate.swift */ = {isa = PBXFileReference; lastKnownFileType = sourcecode.swift; path = AppDelegate.swift; sourceTree = "<group>"; };
		CAD59A382435151600974C2D /* SceneDelegate.swift */ = {isa = PBXFileReference; lastKnownFileType = sourcecode.swift; path = SceneDelegate.swift; sourceTree = "<group>"; };
		CAD59A3A2435151600974C2D /* ViewController.swift */ = {isa = PBXFileReference; lastKnownFileType = sourcecode.swift; path = ViewController.swift; sourceTree = "<group>"; };
		CAD59A3D2435151600974C2D /* Base */ = {isa = PBXFileReference; lastKnownFileType = file.storyboard; name = Base; path = Base.lproj/Main.storyboard; sourceTree = "<group>"; };
		CAD59A3F2435151700974C2D /* Assets.xcassets */ = {isa = PBXFileReference; lastKnownFileType = folder.assetcatalog; path = Assets.xcassets; sourceTree = "<group>"; };
		CAD59A442435151700974C2D /* Info.plist */ = {isa = PBXFileReference; lastKnownFileType = text.plist.xml; path = Info.plist; sourceTree = "<group>"; };
		EC88F17E3A7B51CB543A7199 /* Pods-Nonlinearity.debug.xcconfig */ = {isa = PBXFileReference; includeInIndex = 1; lastKnownFileType = text.xcconfig; name = "Pods-Nonlinearity.debug.xcconfig"; path = "Target Support Files/Pods-Nonlinearity/Pods-Nonlinearity.debug.xcconfig"; sourceTree = "<group>"; };
/* End PBXFileReference section */

/* Begin PBXFrameworksBuildPhase section */
		CAD59A302435151600974C2D /* Frameworks */ = {
			isa = PBXFrameworksBuildPhase;
			buildActionMask = 2147483647;
			files = (
				968F0C8C2444D1E80052768E /* Pods_Nonlinearity.framework in Frameworks */,
			);
			runOnlyForDeploymentPostprocessing = 0;
		};
/* End PBXFrameworksBuildPhase section */

/* Begin PBXGroup section */
		885BF90D05FEFBBC7BC3E863 /* Frameworks */ = {
			isa = PBXGroup;
			children = (
				968F0C882444D0EA0052768E /* PinLayout.framework */,
				34B1D1D1EE7E9F4DE5428D17 /* Pods_Nonlinearity.framework */,
			);
			name = Frameworks;
			sourceTree = "<group>";
		};
		9626697B243CCCD100B65416 /* Framework */ = {
			isa = PBXGroup;
			children = (
				96266979243CCB1D00B65416 /* UIViewComponent.swift */,
				968F0CB2244616AE0052768E /* UITableViewCellComponent.swift */,
				CA3BA19024755E5A00A6C3A9 /* StoryCard.swift */,
			);
			path = Framework;
			sourceTree = "<group>";
		};
		9626697E243CD5EF00B65416 /* MessageView */ = {
			isa = PBXGroup;
			children = (
				96CDD1AF243520FE00A7D2FF /* MessageView.swift */,
				9626697F243CD60500B65416 /* Constants.swift */,
			);
			path = MessageView;
			sourceTree = "<group>";
		};
		968F0C72243E71A70052768E /* Pages */ = {
			isa = PBXGroup;
			children = (
				C667C620247C2A1F00597EDD /* Profile */,
				CA920C7F244C8ECF00BBC461 /* Platform */,
				968F0C73243E71B40052768E /* Game */,
			);
			path = Pages;
			sourceTree = "<group>";
		};
		968F0C73243E71B40052768E /* Game */ = {
			isa = PBXGroup;
			children = (
				968F0C74243E71D40052768E /* ChatPageView.swift */,
				968F0CB42446E8180052768E /* MessageCell.swift */,
				968F0CB6244729190052768E /* Chat.swift */,
			);
			path = Game;
			sourceTree = "<group>";
		};
		96CDD1A824351B2700A7D2FF /* Utils */ = {
			isa = PBXGroup;
			children = (
				96CDD1AA24351B7000A7D2FF /* UIColor.swift */,
				9626697C243CD39800B65416 /* String.swift */,
				968F0C7F244251760052768E /* Queue.swift */,
				968F0C832443798B0052768E /* UILabel.swift */,
			);
			path = Utils;
			sourceTree = "<group>";
		};
		96CDD1AC2435201800A7D2FF /* Components */ = {
			isa = PBXGroup;
			children = (
				96CDD1AE2435204B00A7D2FF /* Platform */,
				96CDD1AD2435202300A7D2FF /* Game */,
			);
			path = Components;
			sourceTree = "<group>";
		};
		96CDD1AD2435202300A7D2FF /* Game */ = {
			isa = PBXGroup;
			children = (
				9626697E243CD5EF00B65416 /* MessageView */,
			);
			path = Game;
			sourceTree = "<group>";
		};
		96CDD1AE2435204B00A7D2FF /* Platform */ = {
			isa = PBXGroup;
			children = (
				CA776354247D55DF00EA768F /* StoryPage */,
				CA127C2824752D6D004394D3 /* DownloadsAndInProgressPage */,
				CA920C95244DA41700BBC461 /* Elements */,
				CA920C86244CA14600BBC461 /* MainPage */,
			);
			path = Platform;
			sourceTree = "<group>";
		};
		B01912A0ED647145B8A0F8A0 /* Pods */ = {
			isa = PBXGroup;
			children = (
				EC88F17E3A7B51CB543A7199 /* Pods-Nonlinearity.debug.xcconfig */,
				878E0202A69DEC95C225B237 /* Pods-Nonlinearity.release.xcconfig */,
			);
			path = Pods;
			sourceTree = "<group>";
		};
		C667C620247C2A1F00597EDD /* Profile */ = {
			isa = PBXGroup;
			children = (
				C64DFA49247C2AD3007F8DED /* CircleSystem.swift */,
				C64DFA45247C2AD3007F8DED /* MainBlock.swift */,
				C64DFA47247C2AD3007F8DED /* Profile.swift */,
				C64DFA46247C2AD3007F8DED /* ProfileViewController.swift */,
				C64DFA48247C2AD3007F8DED /* UpperBlock.swift */,
				C66A18E82485188F00556752 /* SignupView.swift */,
				C66A18EA24852A8000556752 /* LoginView.swift */,
			);
			path = Profile;
			sourceTree = "<group>";
		};
		C6B69F4A247C2BC500744C63 /* Networking */ = {
			isa = PBXGroup;
			children = (
				C6B69F4B247C2BC500744C63 /* NetworkingModel */,
				C6B69F4F247C2BC500744C63 /* NetworkManager.swift */,
			);
			path = Networking;
			sourceTree = "<group>";
		};
		C6B69F4B247C2BC500744C63 /* NetworkingModel */ = {
			isa = PBXGroup;
			children = (
				C6B69F4C247C2BC500744C63 /* User.swift */,
				CAB9861A2484F6B800B38D3B /* Heading.swift */,
				C6B69F4D247C2BC500744C63 /* Story.swift */,
				C6B69F4E247C2BC500744C63 /* Rubric.swift */,
				C66A18E62485169E00556752 /* Rating.swift */,
			);
			path = NetworkingModel;
			sourceTree = "<group>";
		};
		CA127C2824752D6D004394D3 /* DownloadsAndInProgressPage */ = {
			isa = PBXGroup;
			children = (
				CA127C2B24752E6A004394D3 /* CardsCollectionViewAdapter.swift */,
			);
			path = DownloadsAndInProgressPage;
			sourceTree = "<group>";
		};
		CA127C2924752DB6004394D3 /* Main */ = {
			isa = PBXGroup;
			children = (
				CA920C99244DA92F00BBC461 /* Bubbles.swift */,
				CA920CA3244DF31100BBC461 /* MainPageView.swift */,
				CA06FF842457358D00C33921 /* StoryCards.swift */,
				CA06FF8C2457761900C33921 /* Tabs.swift */,
			);
			path = Main;
			sourceTree = "<group>";
		};
		CA127C2A24752DCC004394D3 /* DownloadsAndInProgress */ = {
			isa = PBXGroup;
			children = (
				CA3BA18724755AFD00A6C3A9 /* InProgressPageView.swift */,
				CA127C2F24753303004394D3 /* DownloadsPageView.swift */,
				CA127C2D24752F54004394D3 /* StoryCardCollection.swift */,
				CA3BA192247821A800A6C3A9 /* UIViewComponentCollection.swift */,
			);
			path = DownloadsAndInProgress;
			sourceTree = "<group>";
		};
		CA776351247D557400EA768F /* Story */ = {
			isa = PBXGroup;
			children = (
				CA776352247D559600EA768F /* StoryPageView.swift */,
			);
			path = Story;
			sourceTree = "<group>";
		};
		CA776354247D55DF00EA768F /* StoryPage */ = {
			isa = PBXGroup;
			children = (
				CA776355247D560100EA768F /* StoryImageView.swift */,
				CA776357247D60A800EA768F /* RatingView.swift */,
				CA776359247D6D9F00EA768F /* ViewsView.swift */,
				CA77635B247D81E400EA768F /* GenresView.swift */,
				CA77635F247D8CDA00EA768F /* ButtonView.swift */,
				CA776361247E73F500EA768F /* DescriptionView.swift */,
			);
			path = StoryPage;
			sourceTree = "<group>";
		};
		CA920C7F244C8ECF00BBC461 /* Platform */ = {
			isa = PBXGroup;
			children = (
				CA776351247D557400EA768F /* Story */,
				CA127C2A24752DCC004394D3 /* DownloadsAndInProgress */,
				CA127C2924752DB6004394D3 /* Main */,
			);
			path = Platform;
			sourceTree = "<group>";
		};
		CA920C86244CA14600BBC461 /* MainPage */ = {
			isa = PBXGroup;
			children = (
				CA920CA524503D3700BBC461 /* BubbleViewCollectionAdapter.swift */,
				CA920C9F244DF24400BBC461 /* TableCardViewAdapter.swift */,
				CA920CA1244DF28C00BBC461 /* TableCardViewCell.swift */,
				CA06FF86245770EB00C33921 /* TabsViewAdapter.swift */,
			);
			path = MainPage;
			sourceTree = "<group>";
		};
		CA920C95244DA41700BBC461 /* Elements */ = {
			isa = PBXGroup;
			children = (
				96CDD1B124361D1C00A7D2FF /* StoryCardView.swift */,
				CA0D4D96243F0DB300376CC7 /* BubbleView.swift */,
				CA06FF882457715200C33921 /* TabView.swift */,
			);
			path = Elements;
			sourceTree = "<group>";
		};
		CAD59A2A2435151600974C2D = {
			isa = PBXGroup;
			children = (
				CAD59A352435151600974C2D /* Nonlinearity */,
				CAD59A342435151600974C2D /* Products */,
				B01912A0ED647145B8A0F8A0 /* Pods */,
				885BF90D05FEFBBC7BC3E863 /* Frameworks */,
			);
			sourceTree = "<group>";
		};
		CAD59A342435151600974C2D /* Products */ = {
			isa = PBXGroup;
			children = (
				CAD59A332435151600974C2D /* Nonlinearity.app */,
			);
			name = Products;
			sourceTree = "<group>";
		};
		CAD59A352435151600974C2D /* Nonlinearity */ = {
			isa = PBXGroup;
			children = (
				C6B69F4A247C2BC500744C63 /* Networking */,
				968F0C72243E71A70052768E /* Pages */,
				9626697B243CCCD100B65416 /* Framework */,
				96CDD1AC2435201800A7D2FF /* Components */,
				96CDD1A824351B2700A7D2FF /* Utils */,
				C6B69F47247C2B6F00744C63 /* FootBarVC.swift */,
				CAD59A362435151600974C2D /* AppDelegate.swift */,
				CAD59A382435151600974C2D /* SceneDelegate.swift */,
				CAD59A3A2435151600974C2D /* ViewController.swift */,
				CAD59A3C2435151600974C2D /* Main.storyboard */,
				CAD59A3F2435151700974C2D /* Assets.xcassets */,
				CAD59A442435151700974C2D /* Info.plist */,
			);
			path = Nonlinearity;
			sourceTree = "<group>";
		};
/* End PBXGroup section */

/* Begin PBXNativeTarget section */
		CAD59A322435151600974C2D /* Nonlinearity */ = {
			isa = PBXNativeTarget;
			buildConfigurationList = CAD59A472435151700974C2D /* Build configuration list for PBXNativeTarget "Nonlinearity" */;
			buildPhases = (
				40C36A4B0B6B1205C07B9FF2 /* [CP] Check Pods Manifest.lock */,
				CAD59A2F2435151600974C2D /* Sources */,
				CAD59A302435151600974C2D /* Frameworks */,
				CAD59A312435151600974C2D /* Resources */,
				4B033F66F9DA4BB739B62A6F /* [CP] Embed Pods Frameworks */,
			);
			buildRules = (
			);
			dependencies = (
			);
			name = Nonlinearity;
			productName = Nonlinearity;
			productReference = CAD59A332435151600974C2D /* Nonlinearity.app */;
			productType = "com.apple.product-type.application";
		};
/* End PBXNativeTarget section */

/* Begin PBXProject section */
		CAD59A2B2435151600974C2D /* Project object */ = {
			isa = PBXProject;
			attributes = {
				LastSwiftUpdateCheck = 1130;
				LastUpgradeCheck = 1130;
				ORGANIZATIONNAME = "Святослав Кряжев";
				TargetAttributes = {
					CAD59A322435151600974C2D = {
						CreatedOnToolsVersion = 11.3.1;
					};
				};
			};
			buildConfigurationList = CAD59A2E2435151600974C2D /* Build configuration list for PBXProject "Nonlinearity" */;
			compatibilityVersion = "Xcode 9.3";
			developmentRegion = en;
			hasScannedForEncodings = 0;
			knownRegions = (
				en,
				Base,
			);
			mainGroup = CAD59A2A2435151600974C2D;
			productRefGroup = CAD59A342435151600974C2D /* Products */;
			projectDirPath = "";
			projectRoot = "";
			targets = (
				CAD59A322435151600974C2D /* Nonlinearity */,
			);
		};
/* End PBXProject section */

/* Begin PBXResourcesBuildPhase section */
		CAD59A312435151600974C2D /* Resources */ = {
			isa = PBXResourcesBuildPhase;
			buildActionMask = 2147483647;
			files = (
				CAD59A402435151700974C2D /* Assets.xcassets in Resources */,
				CAD59A3E2435151600974C2D /* Main.storyboard in Resources */,
			);
			runOnlyForDeploymentPostprocessing = 0;
		};
/* End PBXResourcesBuildPhase section */

/* Begin PBXShellScriptBuildPhase section */
		40C36A4B0B6B1205C07B9FF2 /* [CP] Check Pods Manifest.lock */ = {
			isa = PBXShellScriptBuildPhase;
			buildActionMask = 2147483647;
			files = (
			);
			inputFileListPaths = (
			);
			inputPaths = (
				"${PODS_PODFILE_DIR_PATH}/Podfile.lock",
				"${PODS_ROOT}/Manifest.lock",
			);
			name = "[CP] Check Pods Manifest.lock";
			outputFileListPaths = (
			);
			outputPaths = (
				"$(DERIVED_FILE_DIR)/Pods-Nonlinearity-checkManifestLockResult.txt",
			);
			runOnlyForDeploymentPostprocessing = 0;
			shellPath = /bin/sh;
			shellScript = "diff \"${PODS_PODFILE_DIR_PATH}/Podfile.lock\" \"${PODS_ROOT}/Manifest.lock\" > /dev/null\nif [ $? != 0 ] ; then\n    # print error to STDERR\n    echo \"error: The sandbox is not in sync with the Podfile.lock. Run 'pod install' or update your CocoaPods installation.\" >&2\n    exit 1\nfi\n# This output is used by Xcode 'outputs' to avoid re-running this script phase.\necho \"SUCCESS\" > \"${SCRIPT_OUTPUT_FILE_0}\"\n";
			showEnvVarsInLog = 0;
		};
		4B033F66F9DA4BB739B62A6F /* [CP] Embed Pods Frameworks */ = {
			isa = PBXShellScriptBuildPhase;
			buildActionMask = 2147483647;
			files = (
			);
			inputFileListPaths = (
				"${PODS_ROOT}/Target Support Files/Pods-Nonlinearity/Pods-Nonlinearity-frameworks-${CONFIGURATION}-input-files.xcfilelist",
			);
			name = "[CP] Embed Pods Frameworks";
			outputFileListPaths = (
				"${PODS_ROOT}/Target Support Files/Pods-Nonlinearity/Pods-Nonlinearity-frameworks-${CONFIGURATION}-output-files.xcfilelist",
			);
			runOnlyForDeploymentPostprocessing = 0;
			shellPath = /bin/sh;
			shellScript = "\"${PODS_ROOT}/Target Support Files/Pods-Nonlinearity/Pods-Nonlinearity-frameworks.sh\"\n";
			showEnvVarsInLog = 0;
		};
/* End PBXShellScriptBuildPhase section */

/* Begin PBXSourcesBuildPhase section */
		CAD59A2F2435151600974C2D /* Sources */ = {
			isa = PBXSourcesBuildPhase;
			buildActionMask = 2147483647;
			files = (
				968F0C75243E71D40052768E /* ChatPageView.swift in Sources */,
				CA3BA19124755E5A00A6C3A9 /* StoryCard.swift in Sources */,
				CAD59A3B2435151600974C2D /* ViewController.swift in Sources */,
				CA776358247D60A800EA768F /* RatingView.swift in Sources */,
				968F0CB7244729190052768E /* Chat.swift in Sources */,
				CA920CA4244DF31100BBC461 /* MainPageView.swift in Sources */,
				9626697A243CCB1D00B65416 /* UIViewComponent.swift in Sources */,
				CA127C2E24752F54004394D3 /* StoryCardCollection.swift in Sources */,
				CA0D4D97243F0DB300376CC7 /* BubbleView.swift in Sources */,
				96CDD1AB24351B7000A7D2FF /* UIColor.swift in Sources */,
				C6B69F56247C2BC500744C63 /* Rubric.swift in Sources */,
				C64DFA4E247C2AD3007F8DED /* CircleSystem.swift in Sources */,
				968F0C842443798B0052768E /* UILabel.swift in Sources */,
				CA3BA18824755AFD00A6C3A9 /* InProgressPageView.swift in Sources */,
				CAB9861B2484F6B800B38D3B /* Heading.swift in Sources */,
				CA77635C247D81E400EA768F /* GenresView.swift in Sources */,
				CA776353247D559600EA768F /* StoryPageView.swift in Sources */,
				CAD59A372435151600974C2D /* AppDelegate.swift in Sources */,
				968F0CB3244616AE0052768E /* UITableViewCellComponent.swift in Sources */,
				CAD59A392435151600974C2D /* SceneDelegate.swift in Sources */,
				CA776360247D8CDA00EA768F /* ButtonView.swift in Sources */,
				C64DFA4A247C2AD3007F8DED /* MainBlock.swift in Sources */,
				96CDD1B0243520FE00A7D2FF /* MessageView.swift in Sources */,
				CA06FF852457358D00C33921 /* StoryCards.swift in Sources */,
				CA06FF8D2457761900C33921 /* Tabs.swift in Sources */,
				968F0C80244251760052768E /* Queue.swift in Sources */,
				C6B69F48247C2B6F00744C63 /* FootBarVC.swift in Sources */,
				CA3BA193247821A800A6C3A9 /* UIViewComponentCollection.swift in Sources */,
				CA127C3024753303004394D3 /* DownloadsPageView.swift in Sources */,
				C6B69F57247C2BC500744C63 /* NetworkManager.swift in Sources */,
				CA127C2C24752E6A004394D3 /* CardsCollectionViewAdapter.swift in Sources */,
				C64DFA4D247C2AD3007F8DED /* UpperBlock.swift in Sources */,
				CA77635A247D6D9F00EA768F /* ViewsView.swift in Sources */,
				C66A18E92485188F00556752 /* SignupView.swift in Sources */,
				9626697D243CD39800B65416 /* String.swift in Sources */,
				C6B69F54247C2BC500744C63 /* User.swift in Sources */,
				CA920C9A244DA92F00BBC461 /* Bubbles.swift in Sources */,
				C66A18E72485169E00556752 /* Rating.swift in Sources */,
				C64DFA4B247C2AD3007F8DED /* ProfileViewController.swift in Sources */,
				96CDD1B224361D1C00A7D2FF /* StoryCardView.swift in Sources */,
				CA920CA624503D3800BBC461 /* BubbleViewCollectionAdapter.swift in Sources */,
				CA776362247E73F500EA768F /* DescriptionView.swift in Sources */,
				CA776356247D560100EA768F /* StoryImageView.swift in Sources */,
				96CDD1B224361D1C00A7D2FF /* StoryCardView.swift in Sources */,
				CA920CA0244DF24400BBC461 /* TableCardViewAdapter.swift in Sources */,
				CA06FF892457715200C33921 /* TabView.swift in Sources */,
				96266980243CD60500B65416 /* Constants.swift in Sources */,
				C64DFA4C247C2AD3007F8DED /* Profile.swift in Sources */,
				CA920CA2244DF28C00BBC461 /* TableCardViewCell.swift in Sources */,
				CA06FF87245770EB00C33921 /* TabsViewAdapter.swift in Sources */,
				C66A18EB24852A8000556752 /* LoginView.swift in Sources */,
				968F0CB52446E8180052768E /* MessageCell.swift in Sources */,
				C6B69F55247C2BC500744C63 /* Story.swift in Sources */,
			);
			runOnlyForDeploymentPostprocessing = 0;
		};
/* End PBXSourcesBuildPhase section */

/* Begin PBXVariantGroup section */
		CAD59A3C2435151600974C2D /* Main.storyboard */ = {
			isa = PBXVariantGroup;
			children = (
				CAD59A3D2435151600974C2D /* Base */,
			);
			name = Main.storyboard;
			sourceTree = "<group>";
		};
/* End PBXVariantGroup section */

/* Begin XCBuildConfiguration section */
		CAD59A452435151700974C2D /* Debug */ = {
			isa = XCBuildConfiguration;
			buildSettings = {
				ALWAYS_SEARCH_USER_PATHS = NO;
				CLANG_ANALYZER_NONNULL = YES;
				CLANG_ANALYZER_NUMBER_OBJECT_CONVERSION = YES_AGGRESSIVE;
				CLANG_CXX_LANGUAGE_STANDARD = "gnu++14";
				CLANG_CXX_LIBRARY = "libc++";
				CLANG_ENABLE_MODULES = YES;
				CLANG_ENABLE_OBJC_ARC = YES;
				CLANG_ENABLE_OBJC_WEAK = YES;
				CLANG_WARN_BLOCK_CAPTURE_AUTORELEASING = YES;
				CLANG_WARN_BOOL_CONVERSION = YES;
				CLANG_WARN_COMMA = YES;
				CLANG_WARN_CONSTANT_CONVERSION = YES;
				CLANG_WARN_DEPRECATED_OBJC_IMPLEMENTATIONS = YES;
				CLANG_WARN_DIRECT_OBJC_ISA_USAGE = YES_ERROR;
				CLANG_WARN_DOCUMENTATION_COMMENTS = YES;
				CLANG_WARN_EMPTY_BODY = YES;
				CLANG_WARN_ENUM_CONVERSION = YES;
				CLANG_WARN_INFINITE_RECURSION = YES;
				CLANG_WARN_INT_CONVERSION = YES;
				CLANG_WARN_NON_LITERAL_NULL_CONVERSION = YES;
				CLANG_WARN_OBJC_IMPLICIT_RETAIN_SELF = YES;
				CLANG_WARN_OBJC_LITERAL_CONVERSION = YES;
				CLANG_WARN_OBJC_ROOT_CLASS = YES_ERROR;
				CLANG_WARN_RANGE_LOOP_ANALYSIS = YES;
				CLANG_WARN_STRICT_PROTOTYPES = YES;
				CLANG_WARN_SUSPICIOUS_MOVE = YES;
				CLANG_WARN_UNGUARDED_AVAILABILITY = YES_AGGRESSIVE;
				CLANG_WARN_UNREACHABLE_CODE = YES;
				CLANG_WARN__DUPLICATE_METHOD_MATCH = YES;
				COPY_PHASE_STRIP = NO;
				DEBUG_INFORMATION_FORMAT = dwarf;
				ENABLE_STRICT_OBJC_MSGSEND = YES;
				ENABLE_TESTABILITY = YES;
				GCC_C_LANGUAGE_STANDARD = gnu11;
				GCC_DYNAMIC_NO_PIC = NO;
				GCC_NO_COMMON_BLOCKS = YES;
				GCC_OPTIMIZATION_LEVEL = 0;
				GCC_PREPROCESSOR_DEFINITIONS = (
					"DEBUG=1",
					"$(inherited)",
				);
				GCC_WARN_64_TO_32_BIT_CONVERSION = YES;
				GCC_WARN_ABOUT_RETURN_TYPE = YES_ERROR;
				GCC_WARN_UNDECLARED_SELECTOR = YES;
				GCC_WARN_UNINITIALIZED_AUTOS = YES_AGGRESSIVE;
				GCC_WARN_UNUSED_FUNCTION = YES;
				GCC_WARN_UNUSED_VARIABLE = YES;
				IPHONEOS_DEPLOYMENT_TARGET = 13.2;
				MTL_ENABLE_DEBUG_INFO = INCLUDE_SOURCE;
				MTL_FAST_MATH = YES;
				ONLY_ACTIVE_ARCH = YES;
				SDKROOT = iphoneos;
				SWIFT_ACTIVE_COMPILATION_CONDITIONS = DEBUG;
				SWIFT_OPTIMIZATION_LEVEL = "-Onone";
			};
			name = Debug;
		};
		CAD59A462435151700974C2D /* Release */ = {
			isa = XCBuildConfiguration;
			buildSettings = {
				ALWAYS_SEARCH_USER_PATHS = NO;
				CLANG_ANALYZER_NONNULL = YES;
				CLANG_ANALYZER_NUMBER_OBJECT_CONVERSION = YES_AGGRESSIVE;
				CLANG_CXX_LANGUAGE_STANDARD = "gnu++14";
				CLANG_CXX_LIBRARY = "libc++";
				CLANG_ENABLE_MODULES = YES;
				CLANG_ENABLE_OBJC_ARC = YES;
				CLANG_ENABLE_OBJC_WEAK = YES;
				CLANG_WARN_BLOCK_CAPTURE_AUTORELEASING = YES;
				CLANG_WARN_BOOL_CONVERSION = YES;
				CLANG_WARN_COMMA = YES;
				CLANG_WARN_CONSTANT_CONVERSION = YES;
				CLANG_WARN_DEPRECATED_OBJC_IMPLEMENTATIONS = YES;
				CLANG_WARN_DIRECT_OBJC_ISA_USAGE = YES_ERROR;
				CLANG_WARN_DOCUMENTATION_COMMENTS = YES;
				CLANG_WARN_EMPTY_BODY = YES;
				CLANG_WARN_ENUM_CONVERSION = YES;
				CLANG_WARN_INFINITE_RECURSION = YES;
				CLANG_WARN_INT_CONVERSION = YES;
				CLANG_WARN_NON_LITERAL_NULL_CONVERSION = YES;
				CLANG_WARN_OBJC_IMPLICIT_RETAIN_SELF = YES;
				CLANG_WARN_OBJC_LITERAL_CONVERSION = YES;
				CLANG_WARN_OBJC_ROOT_CLASS = YES_ERROR;
				CLANG_WARN_RANGE_LOOP_ANALYSIS = YES;
				CLANG_WARN_STRICT_PROTOTYPES = YES;
				CLANG_WARN_SUSPICIOUS_MOVE = YES;
				CLANG_WARN_UNGUARDED_AVAILABILITY = YES_AGGRESSIVE;
				CLANG_WARN_UNREACHABLE_CODE = YES;
				CLANG_WARN__DUPLICATE_METHOD_MATCH = YES;
				COPY_PHASE_STRIP = NO;
				DEBUG_INFORMATION_FORMAT = "dwarf-with-dsym";
				ENABLE_NS_ASSERTIONS = NO;
				ENABLE_STRICT_OBJC_MSGSEND = YES;
				GCC_C_LANGUAGE_STANDARD = gnu11;
				GCC_NO_COMMON_BLOCKS = YES;
				GCC_WARN_64_TO_32_BIT_CONVERSION = YES;
				GCC_WARN_ABOUT_RETURN_TYPE = YES_ERROR;
				GCC_WARN_UNDECLARED_SELECTOR = YES;
				GCC_WARN_UNINITIALIZED_AUTOS = YES_AGGRESSIVE;
				GCC_WARN_UNUSED_FUNCTION = YES;
				GCC_WARN_UNUSED_VARIABLE = YES;
				IPHONEOS_DEPLOYMENT_TARGET = 13.2;
				MTL_ENABLE_DEBUG_INFO = NO;
				MTL_FAST_MATH = YES;
				SDKROOT = iphoneos;
				SWIFT_COMPILATION_MODE = wholemodule;
				SWIFT_OPTIMIZATION_LEVEL = "-O";
				VALIDATE_PRODUCT = YES;
			};
			name = Release;
		};
		CAD59A482435151700974C2D /* Debug */ = {
			isa = XCBuildConfiguration;
			baseConfigurationReference = EC88F17E3A7B51CB543A7199 /* Pods-Nonlinearity.debug.xcconfig */;
			buildSettings = {
				ASSETCATALOG_COMPILER_APPICON_NAME = AppIcon;
				CODE_SIGN_STYLE = Automatic;
				DEVELOPMENT_ASSET_PATHS = "";
				DEVELOPMENT_TEAM = VXUJ9UWYJ7;
				INFOPLIST_FILE = Nonlinearity/Info.plist;
				IPHONEOS_DEPLOYMENT_TARGET = 13.1;
				LD_RUNPATH_SEARCH_PATHS = (
					"$(inherited)",
					"@executable_path/Frameworks",
				);
				PRODUCT_BUNDLE_IDENTIFIER = com.Nonlinearity.Nonlinearit;
				PRODUCT_NAME = "$(TARGET_NAME)";
				SWIFT_VERSION = 5.0;
				TARGETED_DEVICE_FAMILY = "1,2";
			};
			name = Debug;
		};
		CAD59A492435151700974C2D /* Release */ = {
			isa = XCBuildConfiguration;
			baseConfigurationReference = 878E0202A69DEC95C225B237 /* Pods-Nonlinearity.release.xcconfig */;
			buildSettings = {
				ASSETCATALOG_COMPILER_APPICON_NAME = AppIcon;
				CODE_SIGN_STYLE = Automatic;
				DEVELOPMENT_ASSET_PATHS = "";
				DEVELOPMENT_TEAM = VXUJ9UWYJ7;
				INFOPLIST_FILE = Nonlinearity/Info.plist;
				IPHONEOS_DEPLOYMENT_TARGET = 13.1;
				LD_RUNPATH_SEARCH_PATHS = (
					"$(inherited)",
					"@executable_path/Frameworks",
				);
				PRODUCT_BUNDLE_IDENTIFIER = com.Nonlinearity.Nonlinearit;
				PRODUCT_NAME = "$(TARGET_NAME)";
				SWIFT_VERSION = 5.0;
				TARGETED_DEVICE_FAMILY = "1,2";
			};
			name = Release;
		};
/* End XCBuildConfiguration section */

/* Begin XCConfigurationList section */
		CAD59A2E2435151600974C2D /* Build configuration list for PBXProject "Nonlinearity" */ = {
			isa = XCConfigurationList;
			buildConfigurations = (
				CAD59A452435151700974C2D /* Debug */,
				CAD59A462435151700974C2D /* Release */,
			);
			defaultConfigurationIsVisible = 0;
			defaultConfigurationName = Release;
		};
		CAD59A472435151700974C2D /* Build configuration list for PBXNativeTarget "Nonlinearity" */ = {
			isa = XCConfigurationList;
			buildConfigurations = (
				CAD59A482435151700974C2D /* Debug */,
				CAD59A492435151700974C2D /* Release */,
			);
			defaultConfigurationIsVisible = 0;
			defaultConfigurationName = Release;
		};
/* End XCConfigurationList section */
	};
	rootObject = CAD59A2B2435151600974C2D /* Project object */;
}
