// !$*UTF8*$!
{
	archiveVersion = 1;
	classes = {
	};
	objectVersion = 51;
	objects = {

/* Begin PBXBuildFile section */
		96113C492475FC26004BCE54 /* MessageCellPresenter.swift in Sources */ = {isa = PBXBuildFile; fileRef = 96113C482475FC26004BCE54 /* MessageCellPresenter.swift */; };
		96113C4B2475FC51004BCE54 /* BaseLeftCellPresenter.swift in Sources */ = {isa = PBXBuildFile; fileRef = 96113C4A2475FC51004BCE54 /* BaseLeftCellPresenter.swift */; };
		96113C4D2475FE2A004BCE54 /* RightCellPresenter.swift in Sources */ = {isa = PBXBuildFile; fileRef = 96113C4C2475FE2A004BCE54 /* RightCellPresenter.swift */; };
		96113C4F2475FE4D004BCE54 /* LeftCellPresenters.swift in Sources */ = {isa = PBXBuildFile; fileRef = 96113C4E2475FE4D004BCE54 /* LeftCellPresenters.swift */; };
		96113C5124771C31004BCE54 /* ChatScreenViewController.swift in Sources */ = {isa = PBXBuildFile; fileRef = 96113C5024771C31004BCE54 /* ChatScreenViewController.swift */; };
		96113C53247723C0004BCE54 /* ChatScreenView+DataSource.swift in Sources */ = {isa = PBXBuildFile; fileRef = 96113C52247723C0004BCE54 /* ChatScreenView+DataSource.swift */; };
		96113C552477456F004BCE54 /* BaseMessageCell+MarginConstraints.swift in Sources */ = {isa = PBXBuildFile; fileRef = 96113C542477456F004BCE54 /* BaseMessageCell+MarginConstraints.swift */; };
		96113C5A247852E7004BCE54 /* ChatJSON.swift in Sources */ = {isa = PBXBuildFile; fileRef = 96113C59247852E7004BCE54 /* ChatJSON.swift */; };
		96113C5C24785445004BCE54 /* ChatAuthorJSON.swift in Sources */ = {isa = PBXBuildFile; fileRef = 96113C5B24785445004BCE54 /* ChatAuthorJSON.swift */; };
		96113C5E24785837004BCE54 /* ChatService.swift in Sources */ = {isa = PBXBuildFile; fileRef = 96113C5D24785837004BCE54 /* ChatService.swift */; };
		96113C60247861FA004BCE54 /* test-story.json in Resources */ = {isa = PBXBuildFile; fileRef = 96113C5F247861FA004BCE54 /* test-story.json */; };
		96113C6224786396004BCE54 /* ChatAuthor.swift in Sources */ = {isa = PBXBuildFile; fileRef = 96113C6124786396004BCE54 /* ChatAuthor.swift */; };
		96113C6424788430004BCE54 /* ChatAuthorColors.swift in Sources */ = {isa = PBXBuildFile; fileRef = 96113C6324788430004BCE54 /* ChatAuthorColors.swift */; };
		96113C662479192B004BCE54 /* UIGradientLabel.swift in Sources */ = {isa = PBXBuildFile; fileRef = 96113C652479192B004BCE54 /* UIGradientLabel.swift */; };
		96113C6824791ACB004BCE54 /* CGContext+Gradient.swift in Sources */ = {isa = PBXBuildFile; fileRef = 96113C6724791ACB004BCE54 /* CGContext+Gradient.swift */; };
		96113C6A2479571E004BCE54 /* UIGradientView.swift in Sources */ = {isa = PBXBuildFile; fileRef = 96113C692479571E004BCE54 /* UIGradientView.swift */; };
		96113C6C2479AA64004BCE54 /* ChatAuthorColorLoader.swift in Sources */ = {isa = PBXBuildFile; fileRef = 96113C6B2479AA64004BCE54 /* ChatAuthorColorLoader.swift */; };
		96113C6E2479AD93004BCE54 /* ChatAuthorLoader.swift in Sources */ = {isa = PBXBuildFile; fileRef = 96113C6D2479AD93004BCE54 /* ChatAuthorLoader.swift */; };
		96113C702479BDE0004BCE54 /* ChatMessageLoader.swift in Sources */ = {isa = PBXBuildFile; fileRef = 96113C6F2479BDE0004BCE54 /* ChatMessageLoader.swift */; };
		96113C732479C2CC004BCE54 /* ChatLoader.swift in Sources */ = {isa = PBXBuildFile; fileRef = 96113C722479C2CC004BCE54 /* ChatLoader.swift */; };
		96113C762479C79D004BCE54 /* Nonlinearity.xcdatamodeld in Sources */ = {isa = PBXBuildFile; fileRef = 96113C742479C79D004BCE54 /* Nonlinearity.xcdatamodeld */; };
		96113CB1247AF183004BCE54 /* ChatStorage.swift in Sources */ = {isa = PBXBuildFile; fileRef = 96113CB0247AF183004BCE54 /* ChatStorage.swift */; };
		96113CB3247C1F93004BCE54 /* ChatScreenView+Protocol.swift in Sources */ = {isa = PBXBuildFile; fileRef = 96113CB2247C1F93004BCE54 /* ChatScreenView+Protocol.swift */; };
		96113CB6247C2232004BCE54 /* CDChat+CoreDataProperties.swift in Sources */ = {isa = PBXBuildFile; fileRef = 96113CB4247C2232004BCE54 /* CDChat+CoreDataProperties.swift */; };
		96113CB7247C2232004BCE54 /* CDChat+CoreDataClass.swift in Sources */ = {isa = PBXBuildFile; fileRef = 96113CB5247C2232004BCE54 /* CDChat+CoreDataClass.swift */; };
		96113CB9247C2993004BCE54 /* HeaderView+Constants.swift in Sources */ = {isa = PBXBuildFile; fileRef = 96113CB8247C2993004BCE54 /* HeaderView+Constants.swift */; };
		96113CCC247CF584004BCE54 /* HeaderView+Protocol.swift in Sources */ = {isa = PBXBuildFile; fileRef = 96113CCB247CF584004BCE54 /* HeaderView+Protocol.swift */; };
		96113CCE247CF9DE004BCE54 /* ChatScreenPresenter+Protocol.swift in Sources */ = {isa = PBXBuildFile; fileRef = 96113CCD247CF9DE004BCE54 /* ChatScreenPresenter+Protocol.swift */; };
		96113CD3247CFDF1004BCE54 /* FooterView+Protocol.swift in Sources */ = {isa = PBXBuildFile; fileRef = 96113CD2247CFDF1004BCE54 /* FooterView+Protocol.swift */; };
		96113CD5247D3A17004BCE54 /* UnauthoredView+Protocol.swift in Sources */ = {isa = PBXBuildFile; fileRef = 96113CD4247D3A17004BCE54 /* UnauthoredView+Protocol.swift */; };
		96113CD7247D3BE2004BCE54 /* AuthoredView+Protocol.swift in Sources */ = {isa = PBXBuildFile; fileRef = 96113CD6247D3BE2004BCE54 /* AuthoredView+Protocol.swift */; };
		96113CD9247D5158004BCE54 /* BaseLeftCell+Protocol.swift in Sources */ = {isa = PBXBuildFile; fileRef = 96113CD8247D5158004BCE54 /* BaseLeftCell+Protocol.swift */; };
		96113CDB247D52C4004BCE54 /* RightCell+Protocol.swift in Sources */ = {isa = PBXBuildFile; fileRef = 96113CDA247D52C4004BCE54 /* RightCell+Protocol.swift */; };
		96113CDE247D55E2004BCE54 /* ChatMessageCellPresenterFactory.swift in Sources */ = {isa = PBXBuildFile; fileRef = 96113CDD247D55E2004BCE54 /* ChatMessageCellPresenterFactory.swift */; };
		96113CE0247D58A6004BCE54 /* LeftCells+Protocol.swift in Sources */ = {isa = PBXBuildFile; fileRef = 96113CDF247D58A6004BCE54 /* LeftCells+Protocol.swift */; };
		96113CE3247E8A87004BCE54 /* Router.swift in Sources */ = {isa = PBXBuildFile; fileRef = 96113CE2247E8A87004BCE54 /* Router.swift */; };
		9626697A243CCB1D00B65416 /* UIViewComponent.swift in Sources */ = {isa = PBXBuildFile; fileRef = 96266979243CCB1D00B65416 /* UIViewComponent.swift */; };
		9626697D243CD39800B65416 /* String+Width.swift in Sources */ = {isa = PBXBuildFile; fileRef = 9626697C243CD39800B65416 /* String+Width.swift */; };
		962791742460B718009A047D /* ChatScreenView.swift in Sources */ = {isa = PBXBuildFile; fileRef = 962791732460B718009A047D /* ChatScreenView.swift */; };
		96279176246365C7009A047D /* ChatScreenView+Constants.swift in Sources */ = {isa = PBXBuildFile; fileRef = 96279175246365C7009A047D /* ChatScreenView+Constants.swift */; };
		965BFF7B244E006D00FB2A1D /* HeaderView.swift in Sources */ = {isa = PBXBuildFile; fileRef = 965BFF7A244E006D00FB2A1D /* HeaderView.swift */; };
		968F0C80244251760052768E /* Queue.swift in Sources */ = {isa = PBXBuildFile; fileRef = 968F0C7F244251760052768E /* Queue.swift */; };
		968F0C842443798B0052768E /* UILabel+Text.swift in Sources */ = {isa = PBXBuildFile; fileRef = 968F0C832443798B0052768E /* UILabel+Text.swift */; };
		968F0C8C2444D1E80052768E /* Pods_Nonlinearity.framework in Frameworks */ = {isa = PBXBuildFile; fileRef = 34B1D1D1EE7E9F4DE5428D17 /* Pods_Nonlinearity.framework */; };
		968F0CB3244616AE0052768E /* UITableViewCellComponent.swift in Sources */ = {isa = PBXBuildFile; fileRef = 968F0CB2244616AE0052768E /* UITableViewCellComponent.swift */; };
		969271E12458D2B000979597 /* HeaderViewAppearance.swift in Sources */ = {isa = PBXBuildFile; fileRef = 969271E02458D2B000979597 /* HeaderViewAppearance.swift */; };
		969271E32458D41200979597 /* HeaderPresenterProtocol.swift in Sources */ = {isa = PBXBuildFile; fileRef = 969271E22458D41200979597 /* HeaderPresenterProtocol.swift */; };
		969271ED2458E0A800979597 /* ChatScreenPresenter.swift in Sources */ = {isa = PBXBuildFile; fileRef = 969271EC2458E0A800979597 /* ChatScreenPresenter.swift */; };
		969271EF2458E28C00979597 /* ChatModel.swift in Sources */ = {isa = PBXBuildFile; fileRef = 969271EE2458E28C00979597 /* ChatModel.swift */; };
		969271F12459BD5700979597 /* FooterPresenterProtocol.swift in Sources */ = {isa = PBXBuildFile; fileRef = 969271F02459BD5700979597 /* FooterPresenterProtocol.swift */; };
		969271F3245A10E600979597 /* FooterViewAppearance.swift in Sources */ = {isa = PBXBuildFile; fileRef = 969271F2245A10E600979597 /* FooterViewAppearance.swift */; };
		969271F5245A31F700979597 /* MessageView+Constants.swift in Sources */ = {isa = PBXBuildFile; fileRef = 969271F4245A31F700979597 /* MessageView+Constants.swift */; };
		969271F9245DFC6B00979597 /* MessagePresenter.swift in Sources */ = {isa = PBXBuildFile; fileRef = 969271F8245DFC6B00979597 /* MessagePresenter.swift */; };
		96927201245E157400979597 /* LeftCells.swift in Sources */ = {isa = PBXBuildFile; fileRef = 96927200245E157400979597 /* LeftCells.swift */; };
		969272072460582800979597 /* BaseMessageCell.swift in Sources */ = {isa = PBXBuildFile; fileRef = 969272062460582800979597 /* BaseMessageCell.swift */; };
		969272092460585600979597 /* BaseLeftCell.swift in Sources */ = {isa = PBXBuildFile; fileRef = 969272082460585600979597 /* BaseLeftCell.swift */; };
		9692720C2460589500979597 /* AvatarView.swift in Sources */ = {isa = PBXBuildFile; fileRef = 9692720B2460589500979597 /* AvatarView.swift */; };
		9692720E246058D400979597 /* RightCell.swift in Sources */ = {isa = PBXBuildFile; fileRef = 9692720D246058D400979597 /* RightCell.swift */; };
		969272122460605100979597 /* BaseCell+Constants.swift in Sources */ = {isa = PBXBuildFile; fileRef = 969272112460605100979597 /* BaseCell+Constants.swift */; };
		9698FA78244E425300AE69CE /* FooterView.swift in Sources */ = {isa = PBXBuildFile; fileRef = 9698FA77244E425300AE69CE /* FooterView.swift */; };
		96A0397A24543966001EF1C6 /* AuthoredView.swift in Sources */ = {isa = PBXBuildFile; fileRef = 96A0397924543966001EF1C6 /* AuthoredView.swift */; };
		96A0397C24543A5F001EF1C6 /* UnauthoredView.swift in Sources */ = {isa = PBXBuildFile; fileRef = 96A0397B24543A5F001EF1C6 /* UnauthoredView.swift */; };
		96A0397E24543B4F001EF1C6 /* UnauthoredPresenter.swift in Sources */ = {isa = PBXBuildFile; fileRef = 96A0397D24543B4F001EF1C6 /* UnauthoredPresenter.swift */; };
		96A0398024543B5E001EF1C6 /* AuthoredPresenter.swift in Sources */ = {isa = PBXBuildFile; fileRef = 96A0397F24543B5E001EF1C6 /* AuthoredPresenter.swift */; };
		96A0398824543C2D001EF1C6 /* ChatMessageModel.swift in Sources */ = {isa = PBXBuildFile; fileRef = 96A0398724543C2D001EF1C6 /* ChatMessageModel.swift */; };
		96A0398A24586E06001EF1C6 /* UnauthoredView+LayoutDelegate.swift in Sources */ = {isa = PBXBuildFile; fileRef = 96A0398924586E06001EF1C6 /* UnauthoredView+LayoutDelegate.swift */; };
		96A0398C2458A25A001EF1C6 /* MessageAppearance.swift in Sources */ = {isa = PBXBuildFile; fileRef = 96A0398B2458A25A001EF1C6 /* MessageAppearance.swift */; };
		96A4192C2475BE4200FE143B /* BaseMessageCell+Protocol.swift in Sources */ = {isa = PBXBuildFile; fileRef = 96A4192B2475BE4200FE143B /* BaseMessageCell+Protocol.swift */; };
		96A4192F2475D32700FE143B /* MessageCellConfigurator.swift in Sources */ = {isa = PBXBuildFile; fileRef = 96A4192E2475D32700FE143B /* MessageCellConfigurator.swift */; };
		96CDD1AB24351B7000A7D2FF /* UIColor+Hex.swift in Sources */ = {isa = PBXBuildFile; fileRef = 96CDD1AA24351B7000A7D2FF /* UIColor+Hex.swift */; };
		96CDD1B0243520FE00A7D2FF /* MessageView.swift in Sources */ = {isa = PBXBuildFile; fileRef = 96CDD1AF243520FE00A7D2FF /* MessageView.swift */; };
		96CDD1B224361D1C00A7D2FF /* StoryCardView.swift in Sources */ = {isa = PBXBuildFile; fileRef = 96CDD1B124361D1C00A7D2FF /* StoryCardView.swift */; };
		CA0D4D97243F0DB300376CC7 /* BubbleView.swift in Sources */ = {isa = PBXBuildFile; fileRef = CA0D4D96243F0DB300376CC7 /* BubbleView.swift */; };
		CA920C7C244C66C600BBC461 /* CollectionView.swift in Sources */ = {isa = PBXBuildFile; fileRef = CA920C7B244C66C600BBC461 /* CollectionView.swift */; };
		CAD59A372435151600974C2D /* AppDelegate.swift in Sources */ = {isa = PBXBuildFile; fileRef = CAD59A362435151600974C2D /* AppDelegate.swift */; };
		CAD59A392435151600974C2D /* SceneDelegate.swift in Sources */ = {isa = PBXBuildFile; fileRef = CAD59A382435151600974C2D /* SceneDelegate.swift */; };
		CAD59A3B2435151600974C2D /* ViewController.swift in Sources */ = {isa = PBXBuildFile; fileRef = CAD59A3A2435151600974C2D /* ViewController.swift */; };
		CAD59A3E2435151600974C2D /* Main.storyboard in Resources */ = {isa = PBXBuildFile; fileRef = CAD59A3C2435151600974C2D /* Main.storyboard */; };
		CAD59A402435151700974C2D /* Assets.xcassets in Resources */ = {isa = PBXBuildFile; fileRef = CAD59A3F2435151700974C2D /* Assets.xcassets */; };
		CAD59A432435151700974C2D /* LaunchScreen.storyboard in Resources */ = {isa = PBXBuildFile; fileRef = CAD59A412435151700974C2D /* LaunchScreen.storyboard */; };
/* End PBXBuildFile section */

/* Begin PBXFileReference section */
		34B1D1D1EE7E9F4DE5428D17 /* Pods_Nonlinearity.framework */ = {isa = PBXFileReference; explicitFileType = wrapper.framework; includeInIndex = 0; path = Pods_Nonlinearity.framework; sourceTree = BUILT_PRODUCTS_DIR; };
		878E0202A69DEC95C225B237 /* Pods-Nonlinearity.release.xcconfig */ = {isa = PBXFileReference; includeInIndex = 1; lastKnownFileType = text.xcconfig; name = "Pods-Nonlinearity.release.xcconfig"; path = "Target Support Files/Pods-Nonlinearity/Pods-Nonlinearity.release.xcconfig"; sourceTree = "<group>"; };
		96113C482475FC26004BCE54 /* MessageCellPresenter.swift */ = {isa = PBXFileReference; lastKnownFileType = sourcecode.swift; path = MessageCellPresenter.swift; sourceTree = "<group>"; };
		96113C4A2475FC51004BCE54 /* BaseLeftCellPresenter.swift */ = {isa = PBXFileReference; lastKnownFileType = sourcecode.swift; path = BaseLeftCellPresenter.swift; sourceTree = "<group>"; };
		96113C4C2475FE2A004BCE54 /* RightCellPresenter.swift */ = {isa = PBXFileReference; lastKnownFileType = sourcecode.swift; path = RightCellPresenter.swift; sourceTree = "<group>"; };
		96113C4E2475FE4D004BCE54 /* LeftCellPresenters.swift */ = {isa = PBXFileReference; lastKnownFileType = sourcecode.swift; path = LeftCellPresenters.swift; sourceTree = "<group>"; };
		96113C5024771C31004BCE54 /* ChatScreenViewController.swift */ = {isa = PBXFileReference; lastKnownFileType = sourcecode.swift; path = ChatScreenViewController.swift; sourceTree = "<group>"; };
		96113C52247723C0004BCE54 /* ChatScreenView+DataSource.swift */ = {isa = PBXFileReference; lastKnownFileType = sourcecode.swift; path = "ChatScreenView+DataSource.swift"; sourceTree = "<group>"; };
		96113C542477456F004BCE54 /* BaseMessageCell+MarginConstraints.swift */ = {isa = PBXFileReference; lastKnownFileType = sourcecode.swift; path = "BaseMessageCell+MarginConstraints.swift"; sourceTree = "<group>"; };
		96113C59247852E7004BCE54 /* ChatJSON.swift */ = {isa = PBXFileReference; lastKnownFileType = sourcecode.swift; path = ChatJSON.swift; sourceTree = "<group>"; };
		96113C5B24785445004BCE54 /* ChatAuthorJSON.swift */ = {isa = PBXFileReference; lastKnownFileType = sourcecode.swift; path = ChatAuthorJSON.swift; sourceTree = "<group>"; };
		96113C5D24785837004BCE54 /* ChatService.swift */ = {isa = PBXFileReference; lastKnownFileType = sourcecode.swift; path = ChatService.swift; sourceTree = "<group>"; };
		96113C5F247861FA004BCE54 /* test-story.json */ = {isa = PBXFileReference; fileEncoding = 4; lastKnownFileType = text.json; path = "test-story.json"; sourceTree = "<group>"; };
		96113C6124786396004BCE54 /* ChatAuthor.swift */ = {isa = PBXFileReference; lastKnownFileType = sourcecode.swift; path = ChatAuthor.swift; sourceTree = "<group>"; };
		96113C6324788430004BCE54 /* ChatAuthorColors.swift */ = {isa = PBXFileReference; lastKnownFileType = sourcecode.swift; path = ChatAuthorColors.swift; sourceTree = "<group>"; };
		96113C652479192B004BCE54 /* UIGradientLabel.swift */ = {isa = PBXFileReference; lastKnownFileType = sourcecode.swift; path = UIGradientLabel.swift; sourceTree = "<group>"; };
		96113C6724791ACB004BCE54 /* CGContext+Gradient.swift */ = {isa = PBXFileReference; lastKnownFileType = sourcecode.swift; path = "CGContext+Gradient.swift"; sourceTree = "<group>"; };
		96113C692479571E004BCE54 /* UIGradientView.swift */ = {isa = PBXFileReference; lastKnownFileType = sourcecode.swift; path = UIGradientView.swift; sourceTree = "<group>"; };
		96113C6B2479AA64004BCE54 /* ChatAuthorColorLoader.swift */ = {isa = PBXFileReference; lastKnownFileType = sourcecode.swift; path = ChatAuthorColorLoader.swift; sourceTree = "<group>"; };
		96113C6D2479AD93004BCE54 /* ChatAuthorLoader.swift */ = {isa = PBXFileReference; lastKnownFileType = sourcecode.swift; path = ChatAuthorLoader.swift; sourceTree = "<group>"; };
		96113C6F2479BDE0004BCE54 /* ChatMessageLoader.swift */ = {isa = PBXFileReference; lastKnownFileType = sourcecode.swift; path = ChatMessageLoader.swift; sourceTree = "<group>"; };
		96113C722479C2CC004BCE54 /* ChatLoader.swift */ = {isa = PBXFileReference; lastKnownFileType = sourcecode.swift; path = ChatLoader.swift; sourceTree = "<group>"; };
		96113C752479C79D004BCE54 /* Chat.xcdatamodel */ = {isa = PBXFileReference; lastKnownFileType = wrapper.xcdatamodel; path = Chat.xcdatamodel; sourceTree = "<group>"; };
		96113CB0247AF183004BCE54 /* ChatStorage.swift */ = {isa = PBXFileReference; lastKnownFileType = sourcecode.swift; path = ChatStorage.swift; sourceTree = "<group>"; };
		96113CB2247C1F93004BCE54 /* ChatScreenView+Protocol.swift */ = {isa = PBXFileReference; lastKnownFileType = sourcecode.swift; path = "ChatScreenView+Protocol.swift"; sourceTree = "<group>"; };
		96113CB4247C2232004BCE54 /* CDChat+CoreDataProperties.swift */ = {isa = PBXFileReference; fileEncoding = 4; lastKnownFileType = sourcecode.swift; path = "CDChat+CoreDataProperties.swift"; sourceTree = "<group>"; };
		96113CB5247C2232004BCE54 /* CDChat+CoreDataClass.swift */ = {isa = PBXFileReference; fileEncoding = 4; lastKnownFileType = sourcecode.swift; path = "CDChat+CoreDataClass.swift"; sourceTree = "<group>"; };
		96113CB8247C2993004BCE54 /* HeaderView+Constants.swift */ = {isa = PBXFileReference; lastKnownFileType = sourcecode.swift; path = "HeaderView+Constants.swift"; sourceTree = "<group>"; };
		96113CCB247CF584004BCE54 /* HeaderView+Protocol.swift */ = {isa = PBXFileReference; lastKnownFileType = sourcecode.swift; path = "HeaderView+Protocol.swift"; sourceTree = "<group>"; };
		96113CCD247CF9DE004BCE54 /* ChatScreenPresenter+Protocol.swift */ = {isa = PBXFileReference; lastKnownFileType = sourcecode.swift; path = "ChatScreenPresenter+Protocol.swift"; sourceTree = "<group>"; };
		96113CD2247CFDF1004BCE54 /* FooterView+Protocol.swift */ = {isa = PBXFileReference; lastKnownFileType = sourcecode.swift; path = "FooterView+Protocol.swift"; sourceTree = "<group>"; };
		96113CD4247D3A17004BCE54 /* UnauthoredView+Protocol.swift */ = {isa = PBXFileReference; lastKnownFileType = sourcecode.swift; path = "UnauthoredView+Protocol.swift"; sourceTree = "<group>"; };
		96113CD6247D3BE2004BCE54 /* AuthoredView+Protocol.swift */ = {isa = PBXFileReference; lastKnownFileType = sourcecode.swift; path = "AuthoredView+Protocol.swift"; sourceTree = "<group>"; };
		96113CD8247D5158004BCE54 /* BaseLeftCell+Protocol.swift */ = {isa = PBXFileReference; lastKnownFileType = sourcecode.swift; path = "BaseLeftCell+Protocol.swift"; sourceTree = "<group>"; };
		96113CDA247D52C4004BCE54 /* RightCell+Protocol.swift */ = {isa = PBXFileReference; lastKnownFileType = sourcecode.swift; path = "RightCell+Protocol.swift"; sourceTree = "<group>"; };
		96113CDD247D55E2004BCE54 /* ChatMessageCellPresenterFactory.swift */ = {isa = PBXFileReference; lastKnownFileType = sourcecode.swift; path = ChatMessageCellPresenterFactory.swift; sourceTree = "<group>"; };
		96113CDF247D58A6004BCE54 /* LeftCells+Protocol.swift */ = {isa = PBXFileReference; lastKnownFileType = sourcecode.swift; path = "LeftCells+Protocol.swift"; sourceTree = "<group>"; };
		96113CE2247E8A87004BCE54 /* Router.swift */ = {isa = PBXFileReference; lastKnownFileType = sourcecode.swift; path = Router.swift; sourceTree = "<group>"; };
		96266979243CCB1D00B65416 /* UIViewComponent.swift */ = {isa = PBXFileReference; lastKnownFileType = sourcecode.swift; path = UIViewComponent.swift; sourceTree = "<group>"; };
		9626697C243CD39800B65416 /* String+Width.swift */ = {isa = PBXFileReference; lastKnownFileType = sourcecode.swift; path = "String+Width.swift"; sourceTree = "<group>"; };
		962791732460B718009A047D /* ChatScreenView.swift */ = {isa = PBXFileReference; lastKnownFileType = sourcecode.swift; path = ChatScreenView.swift; sourceTree = "<group>"; };
		96279175246365C7009A047D /* ChatScreenView+Constants.swift */ = {isa = PBXFileReference; lastKnownFileType = sourcecode.swift; path = "ChatScreenView+Constants.swift"; sourceTree = "<group>"; };
		965BFF7A244E006D00FB2A1D /* HeaderView.swift */ = {isa = PBXFileReference; lastKnownFileType = sourcecode.swift; path = HeaderView.swift; sourceTree = "<group>"; };
		968F0C7F244251760052768E /* Queue.swift */ = {isa = PBXFileReference; lastKnownFileType = sourcecode.swift; path = Queue.swift; sourceTree = "<group>"; };
		968F0C832443798B0052768E /* UILabel+Text.swift */ = {isa = PBXFileReference; lastKnownFileType = sourcecode.swift; path = "UILabel+Text.swift"; sourceTree = "<group>"; };
		968F0C882444D0EA0052768E /* PinLayout.framework */ = {isa = PBXFileReference; explicitFileType = wrapper.framework; path = PinLayout.framework; sourceTree = BUILT_PRODUCTS_DIR; };
		968F0CB2244616AE0052768E /* UITableViewCellComponent.swift */ = {isa = PBXFileReference; lastKnownFileType = sourcecode.swift; path = UITableViewCellComponent.swift; sourceTree = "<group>"; };
		969271E02458D2B000979597 /* HeaderViewAppearance.swift */ = {isa = PBXFileReference; lastKnownFileType = sourcecode.swift; path = HeaderViewAppearance.swift; sourceTree = "<group>"; };
		969271E22458D41200979597 /* HeaderPresenterProtocol.swift */ = {isa = PBXFileReference; lastKnownFileType = sourcecode.swift; path = HeaderPresenterProtocol.swift; sourceTree = "<group>"; };
		969271EC2458E0A800979597 /* ChatScreenPresenter.swift */ = {isa = PBXFileReference; lastKnownFileType = sourcecode.swift; path = ChatScreenPresenter.swift; sourceTree = "<group>"; };
		969271EE2458E28C00979597 /* ChatModel.swift */ = {isa = PBXFileReference; lastKnownFileType = sourcecode.swift; path = ChatModel.swift; sourceTree = "<group>"; };
		969271F02459BD5700979597 /* FooterPresenterProtocol.swift */ = {isa = PBXFileReference; lastKnownFileType = sourcecode.swift; path = FooterPresenterProtocol.swift; sourceTree = "<group>"; };
		969271F2245A10E600979597 /* FooterViewAppearance.swift */ = {isa = PBXFileReference; lastKnownFileType = sourcecode.swift; path = FooterViewAppearance.swift; sourceTree = "<group>"; };
		969271F4245A31F700979597 /* MessageView+Constants.swift */ = {isa = PBXFileReference; lastKnownFileType = sourcecode.swift; path = "MessageView+Constants.swift"; sourceTree = "<group>"; };
		969271F8245DFC6B00979597 /* MessagePresenter.swift */ = {isa = PBXFileReference; lastKnownFileType = sourcecode.swift; path = MessagePresenter.swift; sourceTree = "<group>"; };
		96927200245E157400979597 /* LeftCells.swift */ = {isa = PBXFileReference; lastKnownFileType = sourcecode.swift; path = LeftCells.swift; sourceTree = "<group>"; };
		969272062460582800979597 /* BaseMessageCell.swift */ = {isa = PBXFileReference; lastKnownFileType = sourcecode.swift; path = BaseMessageCell.swift; sourceTree = "<group>"; };
		969272082460585600979597 /* BaseLeftCell.swift */ = {isa = PBXFileReference; lastKnownFileType = sourcecode.swift; path = BaseLeftCell.swift; sourceTree = "<group>"; };
		9692720B2460589500979597 /* AvatarView.swift */ = {isa = PBXFileReference; lastKnownFileType = sourcecode.swift; path = AvatarView.swift; sourceTree = "<group>"; };
		9692720D246058D400979597 /* RightCell.swift */ = {isa = PBXFileReference; lastKnownFileType = sourcecode.swift; path = RightCell.swift; sourceTree = "<group>"; };
		969272112460605100979597 /* BaseCell+Constants.swift */ = {isa = PBXFileReference; lastKnownFileType = sourcecode.swift; path = "BaseCell+Constants.swift"; sourceTree = "<group>"; };
		9698FA77244E425300AE69CE /* FooterView.swift */ = {isa = PBXFileReference; lastKnownFileType = sourcecode.swift; path = FooterView.swift; sourceTree = "<group>"; };
		96A0397924543966001EF1C6 /* AuthoredView.swift */ = {isa = PBXFileReference; lastKnownFileType = sourcecode.swift; path = AuthoredView.swift; sourceTree = "<group>"; };
		96A0397B24543A5F001EF1C6 /* UnauthoredView.swift */ = {isa = PBXFileReference; lastKnownFileType = sourcecode.swift; path = UnauthoredView.swift; sourceTree = "<group>"; };
		96A0397D24543B4F001EF1C6 /* UnauthoredPresenter.swift */ = {isa = PBXFileReference; lastKnownFileType = sourcecode.swift; path = UnauthoredPresenter.swift; sourceTree = "<group>"; };
		96A0397F24543B5E001EF1C6 /* AuthoredPresenter.swift */ = {isa = PBXFileReference; lastKnownFileType = sourcecode.swift; path = AuthoredPresenter.swift; sourceTree = "<group>"; };
		96A0398724543C2D001EF1C6 /* ChatMessageModel.swift */ = {isa = PBXFileReference; lastKnownFileType = sourcecode.swift; path = ChatMessageModel.swift; sourceTree = "<group>"; };
		96A0398924586E06001EF1C6 /* UnauthoredView+LayoutDelegate.swift */ = {isa = PBXFileReference; lastKnownFileType = sourcecode.swift; path = "UnauthoredView+LayoutDelegate.swift"; sourceTree = "<group>"; };
		96A0398B2458A25A001EF1C6 /* MessageAppearance.swift */ = {isa = PBXFileReference; lastKnownFileType = sourcecode.swift; path = MessageAppearance.swift; sourceTree = "<group>"; };
		96A4192B2475BE4200FE143B /* BaseMessageCell+Protocol.swift */ = {isa = PBXFileReference; lastKnownFileType = sourcecode.swift; path = "BaseMessageCell+Protocol.swift"; sourceTree = "<group>"; };
		96A4192E2475D32700FE143B /* MessageCellConfigurator.swift */ = {isa = PBXFileReference; lastKnownFileType = sourcecode.swift; path = MessageCellConfigurator.swift; sourceTree = "<group>"; };
		96CDD1AA24351B7000A7D2FF /* UIColor+Hex.swift */ = {isa = PBXFileReference; lastKnownFileType = sourcecode.swift; path = "UIColor+Hex.swift"; sourceTree = "<group>"; };
		96CDD1AF243520FE00A7D2FF /* MessageView.swift */ = {isa = PBXFileReference; lastKnownFileType = sourcecode.swift; path = MessageView.swift; sourceTree = "<group>"; };
		96CDD1B124361D1C00A7D2FF /* StoryCardView.swift */ = {isa = PBXFileReference; lastKnownFileType = sourcecode.swift; path = StoryCardView.swift; sourceTree = "<group>"; };
		CA0D4D96243F0DB300376CC7 /* BubbleView.swift */ = {isa = PBXFileReference; lastKnownFileType = sourcecode.swift; path = BubbleView.swift; sourceTree = "<group>"; };
		CA920C7B244C66C600BBC461 /* CollectionView.swift */ = {isa = PBXFileReference; lastKnownFileType = sourcecode.swift; path = CollectionView.swift; sourceTree = "<group>"; };
		CAD59A332435151600974C2D /* Nonlinearity.app */ = {isa = PBXFileReference; explicitFileType = wrapper.application; includeInIndex = 0; path = Nonlinearity.app; sourceTree = BUILT_PRODUCTS_DIR; };
		CAD59A362435151600974C2D /* AppDelegate.swift */ = {isa = PBXFileReference; lastKnownFileType = sourcecode.swift; path = AppDelegate.swift; sourceTree = "<group>"; };
		CAD59A382435151600974C2D /* SceneDelegate.swift */ = {isa = PBXFileReference; lastKnownFileType = sourcecode.swift; path = SceneDelegate.swift; sourceTree = "<group>"; };
		CAD59A3A2435151600974C2D /* ViewController.swift */ = {isa = PBXFileReference; lastKnownFileType = sourcecode.swift; path = ViewController.swift; sourceTree = "<group>"; };
		CAD59A3D2435151600974C2D /* Base */ = {isa = PBXFileReference; lastKnownFileType = file.storyboard; name = Base; path = Base.lproj/Main.storyboard; sourceTree = "<group>"; };
		CAD59A3F2435151700974C2D /* Assets.xcassets */ = {isa = PBXFileReference; lastKnownFileType = folder.assetcatalog; path = Assets.xcassets; sourceTree = "<group>"; };
		CAD59A422435151700974C2D /* Base */ = {isa = PBXFileReference; lastKnownFileType = file.storyboard; name = Base; path = Base.lproj/LaunchScreen.storyboard; sourceTree = "<group>"; };
		CAD59A442435151700974C2D /* Info.plist */ = {isa = PBXFileReference; lastKnownFileType = text.plist.xml; path = Info.plist; sourceTree = "<group>"; };
		EC88F17E3A7B51CB543A7199 /* Pods-Nonlinearity.debug.xcconfig */ = {isa = PBXFileReference; includeInIndex = 1; lastKnownFileType = text.xcconfig; name = "Pods-Nonlinearity.debug.xcconfig"; path = "Target Support Files/Pods-Nonlinearity/Pods-Nonlinearity.debug.xcconfig"; sourceTree = "<group>"; };
/* End PBXFileReference section */

/* Begin PBXFrameworksBuildPhase section */
		CAD59A302435151600974C2D /* Frameworks */ = {
			isa = PBXFrameworksBuildPhase;
			buildActionMask = 2147483647;
			files = (
				968F0C8C2444D1E80052768E /* Pods_Nonlinearity.framework in Frameworks */,
			);
			runOnlyForDeploymentPostprocessing = 0;
		};
/* End PBXFrameworksBuildPhase section */

/* Begin PBXGroup section */
		885BF90D05FEFBBC7BC3E863 /* Frameworks */ = {
			isa = PBXGroup;
			children = (
				968F0C882444D0EA0052768E /* PinLayout.framework */,
				34B1D1D1EE7E9F4DE5428D17 /* Pods_Nonlinearity.framework */,
			);
			name = Frameworks;
			sourceTree = "<group>";
		};
		96113C56247852B8004BCE54 /* Services */ = {
			isa = PBXGroup;
			children = (
				96113C57247852C3004BCE54 /* Chat */,
			);
			path = Services;
			sourceTree = "<group>";
		};
		96113C57247852C3004BCE54 /* Chat */ = {
			isa = PBXGroup;
			children = (
				96113C712479C214004BCE54 /* Loaders */,
				96113C58247852DD004BCE54 /* Models */,
				96113C5D24785837004BCE54 /* ChatService.swift */,
				96113CB0247AF183004BCE54 /* ChatStorage.swift */,
			);
			path = Chat;
			sourceTree = "<group>";
		};
		96113C58247852DD004BCE54 /* Models */ = {
			isa = PBXGroup;
			children = (
				96113C59247852E7004BCE54 /* ChatJSON.swift */,
				96113C5B24785445004BCE54 /* ChatAuthorJSON.swift */,
			);
			path = Models;
			sourceTree = "<group>";
		};
		96113C712479C214004BCE54 /* Loaders */ = {
			isa = PBXGroup;
			children = (
				96113C6D2479AD93004BCE54 /* ChatAuthorLoader.swift */,
				96113C6B2479AA64004BCE54 /* ChatAuthorColorLoader.swift */,
				96113C6F2479BDE0004BCE54 /* ChatMessageLoader.swift */,
				96113C722479C2CC004BCE54 /* ChatLoader.swift */,
			);
			path = Loaders;
			sourceTree = "<group>";
		};
		96113C7F2479CAA7004BCE54 /* CoreData */ = {
			isa = PBXGroup;
			children = (
				96113C802479CAB4004BCE54 /* Chat */,
			);
			path = CoreData;
			sourceTree = "<group>";
		};
		96113C802479CAB4004BCE54 /* Chat */ = {
			isa = PBXGroup;
			children = (
				96113CB5247C2232004BCE54 /* CDChat+CoreDataClass.swift */,
				96113CB4247C2232004BCE54 /* CDChat+CoreDataProperties.swift */,
			);
			path = Chat;
			sourceTree = "<group>";
		};
		96113CBA247C82DE004BCE54 /* Message */ = {
			isa = PBXGroup;
			children = (
				96113CBC247C82FF004BCE54 /* Presenter */,
				96113CBB247C82FA004BCE54 /* View */,
			);
			path = Message;
			sourceTree = "<group>";
		};
		96113CBB247C82FA004BCE54 /* View */ = {
			isa = PBXGroup;
			children = (
				96CDD1AF243520FE00A7D2FF /* MessageView.swift */,
				96A0397B24543A5F001EF1C6 /* UnauthoredView.swift */,
				96A0397924543966001EF1C6 /* AuthoredView.swift */,
				96A0398924586E06001EF1C6 /* UnauthoredView+LayoutDelegate.swift */,
				96A0398B2458A25A001EF1C6 /* MessageAppearance.swift */,
				969271F4245A31F700979597 /* MessageView+Constants.swift */,
				96113CD4247D3A17004BCE54 /* UnauthoredView+Protocol.swift */,
				96113CD6247D3BE2004BCE54 /* AuthoredView+Protocol.swift */,
			);
			path = View;
			sourceTree = "<group>";
		};
		96113CBC247C82FF004BCE54 /* Presenter */ = {
			isa = PBXGroup;
			children = (
				96A0397F24543B5E001EF1C6 /* AuthoredPresenter.swift */,
				96A0397D24543B4F001EF1C6 /* UnauthoredPresenter.swift */,
				969271F8245DFC6B00979597 /* MessagePresenter.swift */,
			);
			path = Presenter;
			sourceTree = "<group>";
		};
		96113CBE247C8352004BCE54 /* MessageCell */ = {
			isa = PBXGroup;
			children = (
				96113CDC247D55CA004BCE54 /* Factory */,
				96113CC0247C838A004BCE54 /* Presenter */,
				96113CBF247C8370004BCE54 /* View */,
			);
			path = MessageCell;
			sourceTree = "<group>";
		};
		96113CBF247C8370004BCE54 /* View */ = {
			isa = PBXGroup;
			children = (
				969272062460582800979597 /* BaseMessageCell.swift */,
				969272082460585600979597 /* BaseLeftCell.swift */,
				9692720D246058D400979597 /* RightCell.swift */,
				96927200245E157400979597 /* LeftCells.swift */,
				969272112460605100979597 /* BaseCell+Constants.swift */,
				96A4192B2475BE4200FE143B /* BaseMessageCell+Protocol.swift */,
				96113C542477456F004BCE54 /* BaseMessageCell+MarginConstraints.swift */,
				96113CD8247D5158004BCE54 /* BaseLeftCell+Protocol.swift */,
				96113CDA247D52C4004BCE54 /* RightCell+Protocol.swift */,
				96113CDF247D58A6004BCE54 /* LeftCells+Protocol.swift */,
			);
			path = View;
			sourceTree = "<group>";
		};
		96113CC0247C838A004BCE54 /* Presenter */ = {
			isa = PBXGroup;
			children = (
				96113C482475FC26004BCE54 /* MessageCellPresenter.swift */,
				96113C4A2475FC51004BCE54 /* BaseLeftCellPresenter.swift */,
				96113C4C2475FE2A004BCE54 /* RightCellPresenter.swift */,
				96113C4E2475FE4D004BCE54 /* LeftCellPresenters.swift */,
			);
			path = Presenter;
			sourceTree = "<group>";
		};
		96113CC1247C83AA004BCE54 /* Header */ = {
			isa = PBXGroup;
			children = (
				96113CC4247C83EC004BCE54 /* Presenter */,
				96113CC2247C83CA004BCE54 /* View */,
			);
			path = Header;
			sourceTree = "<group>";
		};
		96113CC2247C83CA004BCE54 /* View */ = {
			isa = PBXGroup;
			children = (
				965BFF7A244E006D00FB2A1D /* HeaderView.swift */,
				969271E02458D2B000979597 /* HeaderViewAppearance.swift */,
				96113CB8247C2993004BCE54 /* HeaderView+Constants.swift */,
				96113CCB247CF584004BCE54 /* HeaderView+Protocol.swift */,
			);
			path = View;
			sourceTree = "<group>";
		};
		96113CC3247C83DB004BCE54 /* Footer */ = {
			isa = PBXGroup;
			children = (
				96113CC7247C84B9004BCE54 /* Presenter */,
				96113CC5247C83FD004BCE54 /* View */,
			);
			path = Footer;
			sourceTree = "<group>";
		};
		96113CC4247C83EC004BCE54 /* Presenter */ = {
			isa = PBXGroup;
			children = (
				969271E22458D41200979597 /* HeaderPresenterProtocol.swift */,
			);
			path = Presenter;
			sourceTree = "<group>";
		};
		96113CC5247C83FD004BCE54 /* View */ = {
			isa = PBXGroup;
			children = (
				9698FA77244E425300AE69CE /* FooterView.swift */,
				969271F2245A10E600979597 /* FooterViewAppearance.swift */,
				96113CD2247CFDF1004BCE54 /* FooterView+Protocol.swift */,
			);
			path = View;
			sourceTree = "<group>";
		};
		96113CC6247C848F004BCE54 /* Avatar */ = {
			isa = PBXGroup;
			children = (
				9692720B2460589500979597 /* AvatarView.swift */,
			);
			path = Avatar;
			sourceTree = "<group>";
		};
		96113CC7247C84B9004BCE54 /* Presenter */ = {
			isa = PBXGroup;
			children = (
				969271F02459BD5700979597 /* FooterPresenterProtocol.swift */,
			);
			path = Presenter;
			sourceTree = "<group>";
		};
		96113CDC247D55CA004BCE54 /* Factory */ = {
			isa = PBXGroup;
			children = (
				96113CDD247D55E2004BCE54 /* ChatMessageCellPresenterFactory.swift */,
			);
			path = Factory;
			sourceTree = "<group>";
		};
		96113CE1247E89FE004BCE54 /* Router */ = {
			isa = PBXGroup;
			children = (
				96113CE2247E8A87004BCE54 /* Router.swift */,
			);
			path = Router;
			sourceTree = "<group>";
		};
		9626697B243CCCD100B65416 /* Framework */ = {
			isa = PBXGroup;
			children = (
				96266979243CCB1D00B65416 /* UIViewComponent.swift */,
				968F0CB2244616AE0052768E /* UITableViewCellComponent.swift */,
				96113C652479192B004BCE54 /* UIGradientLabel.swift */,
				96113C6724791ACB004BCE54 /* CGContext+Gradient.swift */,
				96113C692479571E004BCE54 /* UIGradientView.swift */,
			);
			path = Framework;
			sourceTree = "<group>";
		};
		968F0C72243E71A70052768E /* Screens */ = {
			isa = PBXGroup;
			children = (
				968F0C73243E71B40052768E /* Chat */,
			);
			path = Screens;
			sourceTree = "<group>";
		};
		968F0C73243E71B40052768E /* Chat */ = {
			isa = PBXGroup;
			children = (
				969271EA2458DF7F00979597 /* Models */,
				969271E92458DF7900979597 /* Presenters */,
				969271E82458DF6700979597 /* Views */,
			);
			path = Chat;
			sourceTree = "<group>";
		};
		969271E82458DF6700979597 /* Views */ = {
			isa = PBXGroup;
			children = (
				962791732460B718009A047D /* ChatScreenView.swift */,
				96279175246365C7009A047D /* ChatScreenView+Constants.swift */,
				96113C5024771C31004BCE54 /* ChatScreenViewController.swift */,
				96113C52247723C0004BCE54 /* ChatScreenView+DataSource.swift */,
				96113CB2247C1F93004BCE54 /* ChatScreenView+Protocol.swift */,
			);
			path = Views;
			sourceTree = "<group>";
		};
		969271E92458DF7900979597 /* Presenters */ = {
			isa = PBXGroup;
			children = (
				969271EC2458E0A800979597 /* ChatScreenPresenter.swift */,
				96113CCD247CF9DE004BCE54 /* ChatScreenPresenter+Protocol.swift */,
			);
			path = Presenters;
			sourceTree = "<group>";
		};
		969271EA2458DF7F00979597 /* Models */ = {
			isa = PBXGroup;
			children = (
				969271EE2458E28C00979597 /* ChatModel.swift */,
				96A0398724543C2D001EF1C6 /* ChatMessageModel.swift */,
				96113C6124786396004BCE54 /* ChatAuthor.swift */,
				96113C6324788430004BCE54 /* ChatAuthorColors.swift */,
			);
			path = Models;
			sourceTree = "<group>";
		};
		969271FA245E007100979597 /* Configurators */ = {
			isa = PBXGroup;
			children = (
				96A4192D2475D30B00FE143B /* MessageCell */,
			);
			path = Configurators;
			sourceTree = "<group>";
		};
		96A4192D2475D30B00FE143B /* MessageCell */ = {
			isa = PBXGroup;
			children = (
				96A4192E2475D32700FE143B /* MessageCellConfigurator.swift */,
			);
			path = MessageCell;
			sourceTree = "<group>";
		};
		96CDD1A824351B2700A7D2FF /* Utils */ = {
			isa = PBXGroup;
			children = (
				96CDD1AA24351B7000A7D2FF /* UIColor+Hex.swift */,
				9626697C243CD39800B65416 /* String+Width.swift */,
				968F0C7F244251760052768E /* Queue.swift */,
				968F0C832443798B0052768E /* UILabel+Text.swift */,
			);
			path = Utils;
			sourceTree = "<group>";
		};
		96CDD1AC2435201800A7D2FF /* Components */ = {
			isa = PBXGroup;
			children = (
				96CDD1AE2435204B00A7D2FF /* Platform */,
				96CDD1AD2435202300A7D2FF /* Chat */,
			);
			path = Components;
			sourceTree = "<group>";
		};
		96CDD1AD2435202300A7D2FF /* Chat */ = {
			isa = PBXGroup;
			children = (
				96113CC6247C848F004BCE54 /* Avatar */,
				96113CC1247C83AA004BCE54 /* Header */,
				96113CC3247C83DB004BCE54 /* Footer */,
				96113CBE247C8352004BCE54 /* MessageCell */,
				96113CBA247C82DE004BCE54 /* Message */,
				969271FA245E007100979597 /* Configurators */,
			);
			path = Chat;
			sourceTree = "<group>";
		};
		96CDD1AE2435204B00A7D2FF /* Platform */ = {
			isa = PBXGroup;
			children = (
				96CDD1B124361D1C00A7D2FF /* StoryCardView.swift */,
				CA0D4D96243F0DB300376CC7 /* BubbleView.swift */,
				CA920C7B244C66C600BBC461 /* CollectionView.swift */,
			);
			path = Platform;
			sourceTree = "<group>";
		};
		B01912A0ED647145B8A0F8A0 /* Pods */ = {
			isa = PBXGroup;
			children = (
				EC88F17E3A7B51CB543A7199 /* Pods-Nonlinearity.debug.xcconfig */,
				878E0202A69DEC95C225B237 /* Pods-Nonlinearity.release.xcconfig */,
			);
			path = Pods;
			sourceTree = "<group>";
		};
		CAD59A2A2435151600974C2D = {
			isa = PBXGroup;
			children = (
				CAD59A352435151600974C2D /* Nonlinearity */,
				CAD59A342435151600974C2D /* Products */,
				B01912A0ED647145B8A0F8A0 /* Pods */,
				885BF90D05FEFBBC7BC3E863 /* Frameworks */,
			);
			sourceTree = "<group>";
		};
		CAD59A342435151600974C2D /* Products */ = {
			isa = PBXGroup;
			children = (
				CAD59A332435151600974C2D /* Nonlinearity.app */,
			);
			name = Products;
			sourceTree = "<group>";
		};
		CAD59A352435151600974C2D /* Nonlinearity */ = {
			isa = PBXGroup;
			children = (
				96113CE1247E89FE004BCE54 /* Router */,
				96113C7F2479CAA7004BCE54 /* CoreData */,
				96113C56247852B8004BCE54 /* Services */,
				968F0C72243E71A70052768E /* Screens */,
				9626697B243CCCD100B65416 /* Framework */,
				96CDD1AC2435201800A7D2FF /* Components */,
				96CDD1A824351B2700A7D2FF /* Utils */,
				CAD59A362435151600974C2D /* AppDelegate.swift */,
				CAD59A382435151600974C2D /* SceneDelegate.swift */,
				96113C5F247861FA004BCE54 /* test-story.json */,
				CAD59A3A2435151600974C2D /* ViewController.swift */,
				CAD59A3C2435151600974C2D /* Main.storyboard */,
				CAD59A3F2435151700974C2D /* Assets.xcassets */,
				CAD59A412435151700974C2D /* LaunchScreen.storyboard */,
				96113C742479C79D004BCE54 /* Nonlinearity.xcdatamodeld */,
				CAD59A442435151700974C2D /* Info.plist */,
			);
			path = Nonlinearity;
			sourceTree = "<group>";
		};
/* End PBXGroup section */

/* Begin PBXNativeTarget section */
		CAD59A322435151600974C2D /* Nonlinearity */ = {
			isa = PBXNativeTarget;
			buildConfigurationList = CAD59A472435151700974C2D /* Build configuration list for PBXNativeTarget "Nonlinearity" */;
			buildPhases = (
				40C36A4B0B6B1205C07B9FF2 /* [CP] Check Pods Manifest.lock */,
				CAD59A2F2435151600974C2D /* Sources */,
				CAD59A302435151600974C2D /* Frameworks */,
				CAD59A312435151600974C2D /* Resources */,
				4B033F66F9DA4BB739B62A6F /* [CP] Embed Pods Frameworks */,
			);
			buildRules = (
			);
			dependencies = (
			);
			name = Nonlinearity;
			productName = Nonlinearity;
			productReference = CAD59A332435151600974C2D /* Nonlinearity.app */;
			productType = "com.apple.product-type.application";
		};
/* End PBXNativeTarget section */

/* Begin PBXProject section */
		CAD59A2B2435151600974C2D /* Project object */ = {
			isa = PBXProject;
			attributes = {
				LastSwiftUpdateCheck = 1130;
				LastUpgradeCheck = 1140;
				ORGANIZATIONNAME = "Святослав Кряжев";
				TargetAttributes = {
					CAD59A322435151600974C2D = {
						CreatedOnToolsVersion = 11.3.1;
					};
				};
			};
			buildConfigurationList = CAD59A2E2435151600974C2D /* Build configuration list for PBXProject "Nonlinearity" */;
			compatibilityVersion = "Xcode 9.3";
			developmentRegion = en;
			hasScannedForEncodings = 0;
			knownRegions = (
				en,
				Base,
			);
			mainGroup = CAD59A2A2435151600974C2D;
			productRefGroup = CAD59A342435151600974C2D /* Products */;
			projectDirPath = "";
			projectRoot = "";
			targets = (
				CAD59A322435151600974C2D /* Nonlinearity */,
			);
		};
/* End PBXProject section */

/* Begin PBXResourcesBuildPhase section */
		CAD59A312435151600974C2D /* Resources */ = {
			isa = PBXResourcesBuildPhase;
			buildActionMask = 2147483647;
			files = (
				CAD59A432435151700974C2D /* LaunchScreen.storyboard in Resources */,
				CAD59A402435151700974C2D /* Assets.xcassets in Resources */,
				CAD59A3E2435151600974C2D /* Main.storyboard in Resources */,
				96113C60247861FA004BCE54 /* test-story.json in Resources */,
			);
			runOnlyForDeploymentPostprocessing = 0;
		};
/* End PBXResourcesBuildPhase section */

/* Begin PBXShellScriptBuildPhase section */
		40C36A4B0B6B1205C07B9FF2 /* [CP] Check Pods Manifest.lock */ = {
			isa = PBXShellScriptBuildPhase;
			buildActionMask = 2147483647;
			files = (
			);
			inputFileListPaths = (
			);
			inputPaths = (
				"${PODS_PODFILE_DIR_PATH}/Podfile.lock",
				"${PODS_ROOT}/Manifest.lock",
			);
			name = "[CP] Check Pods Manifest.lock";
			outputFileListPaths = (
			);
			outputPaths = (
				"$(DERIVED_FILE_DIR)/Pods-Nonlinearity-checkManifestLockResult.txt",
			);
			runOnlyForDeploymentPostprocessing = 0;
			shellPath = /bin/sh;
			shellScript = "diff \"${PODS_PODFILE_DIR_PATH}/Podfile.lock\" \"${PODS_ROOT}/Manifest.lock\" > /dev/null\nif [ $? != 0 ] ; then\n    # print error to STDERR\n    echo \"error: The sandbox is not in sync with the Podfile.lock. Run 'pod install' or update your CocoaPods installation.\" >&2\n    exit 1\nfi\n# This output is used by Xcode 'outputs' to avoid re-running this script phase.\necho \"SUCCESS\" > \"${SCRIPT_OUTPUT_FILE_0}\"\n";
			showEnvVarsInLog = 0;
		};
		4B033F66F9DA4BB739B62A6F /* [CP] Embed Pods Frameworks */ = {
			isa = PBXShellScriptBuildPhase;
			buildActionMask = 2147483647;
			files = (
			);
			inputFileListPaths = (
				"${PODS_ROOT}/Target Support Files/Pods-Nonlinearity/Pods-Nonlinearity-frameworks-${CONFIGURATION}-input-files.xcfilelist",
			);
			name = "[CP] Embed Pods Frameworks";
			outputFileListPaths = (
				"${PODS_ROOT}/Target Support Files/Pods-Nonlinearity/Pods-Nonlinearity-frameworks-${CONFIGURATION}-output-files.xcfilelist",
			);
			runOnlyForDeploymentPostprocessing = 0;
			shellPath = /bin/sh;
			shellScript = "\"${PODS_ROOT}/Target Support Files/Pods-Nonlinearity/Pods-Nonlinearity-frameworks.sh\"\n";
			showEnvVarsInLog = 0;
		};
/* End PBXShellScriptBuildPhase section */

/* Begin PBXSourcesBuildPhase section */
		CAD59A2F2435151600974C2D /* Sources */ = {
			isa = PBXSourcesBuildPhase;
			buildActionMask = 2147483647;
			files = (
				96A4192F2475D32700FE143B /* MessageCellConfigurator.swift in Sources */,
				969271F5245A31F700979597 /* MessageView+Constants.swift in Sources */,
				CAD59A3B2435151600974C2D /* ViewController.swift in Sources */,
				96A0397A24543966001EF1C6 /* AuthoredView.swift in Sources */,
				96A0398A24586E06001EF1C6 /* UnauthoredView+LayoutDelegate.swift in Sources */,
				969271E12458D2B000979597 /* HeaderViewAppearance.swift in Sources */,
				9626697A243CCB1D00B65416 /* UIViewComponent.swift in Sources */,
				96113CB7247C2232004BCE54 /* CDChat+CoreDataClass.swift in Sources */,
				96A0398024543B5E001EF1C6 /* AuthoredPresenter.swift in Sources */,
				96113C4B2475FC51004BCE54 /* BaseLeftCellPresenter.swift in Sources */,
				CA0D4D97243F0DB300376CC7 /* BubbleView.swift in Sources */,
				96113C492475FC26004BCE54 /* MessageCellPresenter.swift in Sources */,
				969272122460605100979597 /* BaseCell+Constants.swift in Sources */,
				96CDD1AB24351B7000A7D2FF /* UIColor+Hex.swift in Sources */,
				9692720E246058D400979597 /* RightCell.swift in Sources */,
				96113CB3247C1F93004BCE54 /* ChatScreenView+Protocol.swift in Sources */,
				9692720C2460589500979597 /* AvatarView.swift in Sources */,
				965BFF7B244E006D00FB2A1D /* HeaderView.swift in Sources */,
				96113C5124771C31004BCE54 /* ChatScreenViewController.swift in Sources */,
				96113CCC247CF584004BCE54 /* HeaderView+Protocol.swift in Sources */,
				96113CE0247D58A6004BCE54 /* LeftCells+Protocol.swift in Sources */,
				96A0397C24543A5F001EF1C6 /* UnauthoredView.swift in Sources */,
				96113CB6247C2232004BCE54 /* CDChat+CoreDataProperties.swift in Sources */,
				968F0C842443798B0052768E /* UILabel+Text.swift in Sources */,
				96A0398C2458A25A001EF1C6 /* MessageAppearance.swift in Sources */,
				969271F3245A10E600979597 /* FooterViewAppearance.swift in Sources */,
				96113C6E2479AD93004BCE54 /* ChatAuthorLoader.swift in Sources */,
				96113C732479C2CC004BCE54 /* ChatLoader.swift in Sources */,
				96113C702479BDE0004BCE54 /* ChatMessageLoader.swift in Sources */,
				969271F9245DFC6B00979597 /* MessagePresenter.swift in Sources */,
				96113C762479C79D004BCE54 /* Nonlinearity.xcdatamodeld in Sources */,
				96113CB1247AF183004BCE54 /* ChatStorage.swift in Sources */,
				CAD59A372435151600974C2D /* AppDelegate.swift in Sources */,
				968F0CB3244616AE0052768E /* UITableViewCellComponent.swift in Sources */,
				96113C4F2475FE4D004BCE54 /* LeftCellPresenters.swift in Sources */,
				CAD59A392435151600974C2D /* SceneDelegate.swift in Sources */,
				96A4192C2475BE4200FE143B /* BaseMessageCell+Protocol.swift in Sources */,
				CA920C7C244C66C600BBC461 /* CollectionView.swift in Sources */,
				96113C6424788430004BCE54 /* ChatAuthorColors.swift in Sources */,
				96CDD1B0243520FE00A7D2FF /* MessageView.swift in Sources */,
				968F0C80244251760052768E /* Queue.swift in Sources */,
				969271E32458D41200979597 /* HeaderPresenterProtocol.swift in Sources */,
				96927201245E157400979597 /* LeftCells.swift in Sources */,
				962791742460B718009A047D /* ChatScreenView.swift in Sources */,
				96113C5E24785837004BCE54 /* ChatService.swift in Sources */,
				969272092460585600979597 /* BaseLeftCell.swift in Sources */,
				969271EF2458E28C00979597 /* ChatModel.swift in Sources */,
				9626697D243CD39800B65416 /* String+Width.swift in Sources */,
				96A0397E24543B4F001EF1C6 /* UnauthoredPresenter.swift in Sources */,
				96113C6824791ACB004BCE54 /* CGContext+Gradient.swift in Sources */,
				96113C5C24785445004BCE54 /* ChatAuthorJSON.swift in Sources */,
				969272072460582800979597 /* BaseMessageCell.swift in Sources */,
				96113CE3247E8A87004BCE54 /* Router.swift in Sources */,
				96113C662479192B004BCE54 /* UIGradientLabel.swift in Sources */,
				96113C53247723C0004BCE54 /* ChatScreenView+DataSource.swift in Sources */,
				96A0398824543C2D001EF1C6 /* ChatMessageModel.swift in Sources */,
				96113CDB247D52C4004BCE54 /* RightCell+Protocol.swift in Sources */,
				96113C4D2475FE2A004BCE54 /* RightCellPresenter.swift in Sources */,
				96113C552477456F004BCE54 /* BaseMessageCell+MarginConstraints.swift in Sources */,
				96113CD3247CFDF1004BCE54 /* FooterView+Protocol.swift in Sources */,
				96113C6C2479AA64004BCE54 /* ChatAuthorColorLoader.swift in Sources */,
				96113CD9247D5158004BCE54 /* BaseLeftCell+Protocol.swift in Sources */,
				969271ED2458E0A800979597 /* ChatScreenPresenter.swift in Sources */,
				96113CCE247CF9DE004BCE54 /* ChatScreenPresenter+Protocol.swift in Sources */,
				96CDD1B224361D1C00A7D2FF /* StoryCardView.swift in Sources */,
				96113CB9247C2993004BCE54 /* HeaderView+Constants.swift in Sources */,
				96113C6224786396004BCE54 /* ChatAuthor.swift in Sources */,
				96279176246365C7009A047D /* ChatScreenView+Constants.swift in Sources */,
				96113CDE247D55E2004BCE54 /* ChatMessageCellPresenterFactory.swift in Sources */,
				969271F12459BD5700979597 /* FooterPresenterProtocol.swift in Sources */,
				9698FA78244E425300AE69CE /* FooterView.swift in Sources */,
				96113CD5247D3A17004BCE54 /* UnauthoredView+Protocol.swift in Sources */,
				96113C6A2479571E004BCE54 /* UIGradientView.swift in Sources */,
				96113C5A247852E7004BCE54 /* ChatJSON.swift in Sources */,
				96113CD7247D3BE2004BCE54 /* AuthoredView+Protocol.swift in Sources */,
			);
			runOnlyForDeploymentPostprocessing = 0;
		};
/* End PBXSourcesBuildPhase section */

/* Begin PBXVariantGroup section */
		CAD59A3C2435151600974C2D /* Main.storyboard */ = {
			isa = PBXVariantGroup;
			children = (
				CAD59A3D2435151600974C2D /* Base */,
			);
			name = Main.storyboard;
			sourceTree = "<group>";
		};
		CAD59A412435151700974C2D /* LaunchScreen.storyboard */ = {
			isa = PBXVariantGroup;
			children = (
				CAD59A422435151700974C2D /* Base */,
			);
			name = LaunchScreen.storyboard;
			sourceTree = "<group>";
		};
/* End PBXVariantGroup section */

/* Begin XCBuildConfiguration section */
		CAD59A452435151700974C2D /* Debug */ = {
			isa = XCBuildConfiguration;
			buildSettings = {
				ALWAYS_SEARCH_USER_PATHS = NO;
				CLANG_ANALYZER_NONNULL = YES;
				CLANG_ANALYZER_NUMBER_OBJECT_CONVERSION = YES_AGGRESSIVE;
				CLANG_CXX_LANGUAGE_STANDARD = "gnu++14";
				CLANG_CXX_LIBRARY = "libc++";
				CLANG_ENABLE_MODULES = YES;
				CLANG_ENABLE_OBJC_ARC = YES;
				CLANG_ENABLE_OBJC_WEAK = YES;
				CLANG_WARN_BLOCK_CAPTURE_AUTORELEASING = YES;
				CLANG_WARN_BOOL_CONVERSION = YES;
				CLANG_WARN_COMMA = YES;
				CLANG_WARN_CONSTANT_CONVERSION = YES;
				CLANG_WARN_DEPRECATED_OBJC_IMPLEMENTATIONS = YES;
				CLANG_WARN_DIRECT_OBJC_ISA_USAGE = YES_ERROR;
				CLANG_WARN_DOCUMENTATION_COMMENTS = YES;
				CLANG_WARN_EMPTY_BODY = YES;
				CLANG_WARN_ENUM_CONVERSION = YES;
				CLANG_WARN_INFINITE_RECURSION = YES;
				CLANG_WARN_INT_CONVERSION = YES;
				CLANG_WARN_NON_LITERAL_NULL_CONVERSION = YES;
				CLANG_WARN_OBJC_IMPLICIT_RETAIN_SELF = YES;
				CLANG_WARN_OBJC_LITERAL_CONVERSION = YES;
				CLANG_WARN_OBJC_ROOT_CLASS = YES_ERROR;
				CLANG_WARN_RANGE_LOOP_ANALYSIS = YES;
				CLANG_WARN_STRICT_PROTOTYPES = YES;
				CLANG_WARN_SUSPICIOUS_MOVE = YES;
				CLANG_WARN_UNGUARDED_AVAILABILITY = YES_AGGRESSIVE;
				CLANG_WARN_UNREACHABLE_CODE = YES;
				CLANG_WARN__DUPLICATE_METHOD_MATCH = YES;
				COPY_PHASE_STRIP = NO;
				DEBUG_INFORMATION_FORMAT = dwarf;
				ENABLE_STRICT_OBJC_MSGSEND = YES;
				ENABLE_TESTABILITY = YES;
				GCC_C_LANGUAGE_STANDARD = gnu11;
				GCC_DYNAMIC_NO_PIC = NO;
				GCC_NO_COMMON_BLOCKS = YES;
				GCC_OPTIMIZATION_LEVEL = 0;
				GCC_PREPROCESSOR_DEFINITIONS = (
					"DEBUG=1",
					"$(inherited)",
				);
				GCC_WARN_64_TO_32_BIT_CONVERSION = YES;
				GCC_WARN_ABOUT_RETURN_TYPE = YES_ERROR;
				GCC_WARN_UNDECLARED_SELECTOR = YES;
				GCC_WARN_UNINITIALIZED_AUTOS = YES_AGGRESSIVE;
				GCC_WARN_UNUSED_FUNCTION = YES;
				GCC_WARN_UNUSED_VARIABLE = YES;
				IPHONEOS_DEPLOYMENT_TARGET = 13.2;
				MTL_ENABLE_DEBUG_INFO = INCLUDE_SOURCE;
				MTL_FAST_MATH = YES;
				ONLY_ACTIVE_ARCH = YES;
				SDKROOT = iphoneos;
				SWIFT_ACTIVE_COMPILATION_CONDITIONS = DEBUG;
				SWIFT_OPTIMIZATION_LEVEL = "-Onone";
			};
			name = Debug;
		};
		CAD59A462435151700974C2D /* Release */ = {
			isa = XCBuildConfiguration;
			buildSettings = {
				ALWAYS_SEARCH_USER_PATHS = NO;
				CLANG_ANALYZER_NONNULL = YES;
				CLANG_ANALYZER_NUMBER_OBJECT_CONVERSION = YES_AGGRESSIVE;
				CLANG_CXX_LANGUAGE_STANDARD = "gnu++14";
				CLANG_CXX_LIBRARY = "libc++";
				CLANG_ENABLE_MODULES = YES;
				CLANG_ENABLE_OBJC_ARC = YES;
				CLANG_ENABLE_OBJC_WEAK = YES;
				CLANG_WARN_BLOCK_CAPTURE_AUTORELEASING = YES;
				CLANG_WARN_BOOL_CONVERSION = YES;
				CLANG_WARN_COMMA = YES;
				CLANG_WARN_CONSTANT_CONVERSION = YES;
				CLANG_WARN_DEPRECATED_OBJC_IMPLEMENTATIONS = YES;
				CLANG_WARN_DIRECT_OBJC_ISA_USAGE = YES_ERROR;
				CLANG_WARN_DOCUMENTATION_COMMENTS = YES;
				CLANG_WARN_EMPTY_BODY = YES;
				CLANG_WARN_ENUM_CONVERSION = YES;
				CLANG_WARN_INFINITE_RECURSION = YES;
				CLANG_WARN_INT_CONVERSION = YES;
				CLANG_WARN_NON_LITERAL_NULL_CONVERSION = YES;
				CLANG_WARN_OBJC_IMPLICIT_RETAIN_SELF = YES;
				CLANG_WARN_OBJC_LITERAL_CONVERSION = YES;
				CLANG_WARN_OBJC_ROOT_CLASS = YES_ERROR;
				CLANG_WARN_RANGE_LOOP_ANALYSIS = YES;
				CLANG_WARN_STRICT_PROTOTYPES = YES;
				CLANG_WARN_SUSPICIOUS_MOVE = YES;
				CLANG_WARN_UNGUARDED_AVAILABILITY = YES_AGGRESSIVE;
				CLANG_WARN_UNREACHABLE_CODE = YES;
				CLANG_WARN__DUPLICATE_METHOD_MATCH = YES;
				COPY_PHASE_STRIP = NO;
				DEBUG_INFORMATION_FORMAT = "dwarf-with-dsym";
				ENABLE_NS_ASSERTIONS = NO;
				ENABLE_STRICT_OBJC_MSGSEND = YES;
				GCC_C_LANGUAGE_STANDARD = gnu11;
				GCC_NO_COMMON_BLOCKS = YES;
				GCC_WARN_64_TO_32_BIT_CONVERSION = YES;
				GCC_WARN_ABOUT_RETURN_TYPE = YES_ERROR;
				GCC_WARN_UNDECLARED_SELECTOR = YES;
				GCC_WARN_UNINITIALIZED_AUTOS = YES_AGGRESSIVE;
				GCC_WARN_UNUSED_FUNCTION = YES;
				GCC_WARN_UNUSED_VARIABLE = YES;
				IPHONEOS_DEPLOYMENT_TARGET = 13.2;
				MTL_ENABLE_DEBUG_INFO = NO;
				MTL_FAST_MATH = YES;
				SDKROOT = iphoneos;
				SWIFT_COMPILATION_MODE = wholemodule;
				SWIFT_OPTIMIZATION_LEVEL = "-O";
				VALIDATE_PRODUCT = YES;
			};
			name = Release;
		};
		CAD59A482435151700974C2D /* Debug */ = {
			isa = XCBuildConfiguration;
			baseConfigurationReference = EC88F17E3A7B51CB543A7199 /* Pods-Nonlinearity.debug.xcconfig */;
			buildSettings = {
				ASSETCATALOG_COMPILER_APPICON_NAME = AppIcon;
				CODE_SIGN_STYLE = Automatic;
				DEVELOPMENT_ASSET_PATHS = "";
				DEVELOPMENT_TEAM = VXUJ9UWYJ7;
				INFOPLIST_FILE = Nonlinearity/Info.plist;
				IPHONEOS_DEPLOYMENT_TARGET = 13.1;
				LD_RUNPATH_SEARCH_PATHS = (
					"$(inherited)",
					"@executable_path/Frameworks",
				);
				PRODUCT_BUNDLE_IDENTIFIER = com.Nonlinearity.Nonlinearity;
				PRODUCT_NAME = "$(TARGET_NAME)";
				SWIFT_VERSION = 5.0;
				TARGETED_DEVICE_FAMILY = "1,2";
			};
			name = Debug;
		};
		CAD59A492435151700974C2D /* Release */ = {
			isa = XCBuildConfiguration;
			baseConfigurationReference = 878E0202A69DEC95C225B237 /* Pods-Nonlinearity.release.xcconfig */;
			buildSettings = {
				ASSETCATALOG_COMPILER_APPICON_NAME = AppIcon;
				CODE_SIGN_STYLE = Automatic;
				DEVELOPMENT_ASSET_PATHS = "";
				DEVELOPMENT_TEAM = VXUJ9UWYJ7;
				INFOPLIST_FILE = Nonlinearity/Info.plist;
				IPHONEOS_DEPLOYMENT_TARGET = 13.1;
				LD_RUNPATH_SEARCH_PATHS = (
					"$(inherited)",
					"@executable_path/Frameworks",
				);
				PRODUCT_BUNDLE_IDENTIFIER = com.Nonlinearity.Nonlinearity;
				PRODUCT_NAME = "$(TARGET_NAME)";
				SWIFT_VERSION = 5.0;
				TARGETED_DEVICE_FAMILY = "1,2";
			};
			name = Release;
		};
/* End XCBuildConfiguration section */

/* Begin XCConfigurationList section */
		CAD59A2E2435151600974C2D /* Build configuration list for PBXProject "Nonlinearity" */ = {
			isa = XCConfigurationList;
			buildConfigurations = (
				CAD59A452435151700974C2D /* Debug */,
				CAD59A462435151700974C2D /* Release */,
			);
			defaultConfigurationIsVisible = 0;
			defaultConfigurationName = Release;
		};
		CAD59A472435151700974C2D /* Build configuration list for PBXNativeTarget "Nonlinearity" */ = {
			isa = XCConfigurationList;
			buildConfigurations = (
				CAD59A482435151700974C2D /* Debug */,
				CAD59A492435151700974C2D /* Release */,
			);
			defaultConfigurationIsVisible = 0;
			defaultConfigurationName = Release;
		};
/* End XCConfigurationList section */

/* Begin XCVersionGroup section */
		96113C742479C79D004BCE54 /* Nonlinearity.xcdatamodeld */ = {
			isa = XCVersionGroup;
			children = (
				96113C752479C79D004BCE54 /* Chat.xcdatamodel */,
			);
			currentVersion = 96113C752479C79D004BCE54 /* Chat.xcdatamodel */;
			path = Nonlinearity.xcdatamodeld;
			sourceTree = "<group>";
			versionGroupType = wrapper.xcdatamodel;
		};
/* End XCVersionGroup section */
	};
	rootObject = CAD59A2B2435151600974C2D /* Project object */;
}
